// !$*UTF8*$!
{
	archiveVersion = 1;
	classes = {
	};
	objectVersion = 46;
	objects = {

/* Begin PBXBuildFile section */
		1BA14E61BFBE7D2B1AD88962 /* res in Resources */ = {isa = PBXBuildFile; fileRef = 01F741B993AED8B544209AD5 /* res */; };
		1D60589F0D05DD5A006BFB54 /* Foundation.framework in Frameworks */ = {isa = PBXBuildFile; fileRef = 1D30AB110D05D00D00671497 /* Foundation.framework */; };
		1DF5F4E00D08C38300B7A737 /* UIKit.framework in Frameworks */ = {isa = PBXBuildFile; fileRef = 1DF5F4DF0D08C38300B7A737 /* UIKit.framework */; };
		288765A50DF7441C002DB57D /* CoreGraphics.framework in Frameworks */ = {isa = PBXBuildFile; fileRef = 288765A40DF7441C002DB57D /* CoreGraphics.framework */; };
		2D8E4310A2E154128CD9AB6F /* libcocos2d Mac.a in Frameworks */ = {isa = PBXBuildFile; fileRef = 51554DA9A2FA70F46AF9E679 /* libcocos2d Mac.a */; };
		503AE0F817EB97AB00D1A890 /* Icon.icns in Resources */ = {isa = PBXBuildFile; fileRef = 503AE0F617EB97AB00D1A890 /* Icon.icns */; };
		503AE10017EB989F00D1A890 /* AppController.mm in Sources */ = {isa = PBXBuildFile; fileRef = 503AE0FB17EB989F00D1A890 /* AppController.mm */; };
		503AE10117EB989F00D1A890 /* main.m in Sources */ = {isa = PBXBuildFile; fileRef = 503AE0FC17EB989F00D1A890 /* main.m */; };
		503AE10217EB989F00D1A890 /* RootViewController.mm in Sources */ = {isa = PBXBuildFile; fileRef = 503AE0FF17EB989F00D1A890 /* RootViewController.mm */; };
		503AE10517EB98FF00D1A890 /* main.cpp in Sources */ = {isa = PBXBuildFile; fileRef = 503AE10317EB98FF00D1A890 /* main.cpp */; };
		503AE11B17EB9C5A00D1A890 /* IOKit.framework in Frameworks */ = {isa = PBXBuildFile; fileRef = 503AE11A17EB9C5A00D1A890 /* IOKit.framework */; };
		5087E76317EB910900C73F5D /* Foundation.framework in Frameworks */ = {isa = PBXBuildFile; fileRef = 1D30AB110D05D00D00671497 /* Foundation.framework */; };
		5087E76717EB910900C73F5D /* libz.dylib in Frameworks */ = {isa = PBXBuildFile; fileRef = BF170DB412928DE900B8313A /* libz.dylib */; };
		5087E76817EB910900C73F5D /* QuartzCore.framework in Frameworks */ = {isa = PBXBuildFile; fileRef = BF1C47EA1293683800B63C5D /* QuartzCore.framework */; };
		5087E76917EB910900C73F5D /* OpenAL.framework in Frameworks */ = {isa = PBXBuildFile; fileRef = D44C620B132DFF330009C878 /* OpenAL.framework */; };
		5087E76A17EB910900C73F5D /* AVFoundation.framework in Frameworks */ = {isa = PBXBuildFile; fileRef = D44C620D132DFF430009C878 /* AVFoundation.framework */; };
		5087E76B17EB910900C73F5D /* AudioToolbox.framework in Frameworks */ = {isa = PBXBuildFile; fileRef = D44C620F132DFF4E0009C878 /* AudioToolbox.framework */; };
		5087E77D17EB970100C73F5D /* Default-568h@2x.png in Resources */ = {isa = PBXBuildFile; fileRef = 5087E77217EB970100C73F5D /* Default-568h@2x.png */; };
		5087E77E17EB970100C73F5D /* Default.png in Resources */ = {isa = PBXBuildFile; fileRef = 5087E77317EB970100C73F5D /* Default.png */; };
		5087E77F17EB970100C73F5D /* Default@2x.png in Resources */ = {isa = PBXBuildFile; fileRef = 5087E77417EB970100C73F5D /* Default@2x.png */; };
		5087E78017EB970100C73F5D /* Icon-114.png in Resources */ = {isa = PBXBuildFile; fileRef = 5087E77517EB970100C73F5D /* Icon-114.png */; };
		5087E78117EB970100C73F5D /* Icon-120.png in Resources */ = {isa = PBXBuildFile; fileRef = 5087E77617EB970100C73F5D /* Icon-120.png */; };
		5087E78217EB970100C73F5D /* Icon-144.png in Resources */ = {isa = PBXBuildFile; fileRef = 5087E77717EB970100C73F5D /* Icon-144.png */; };
		5087E78317EB970100C73F5D /* Icon-152.png in Resources */ = {isa = PBXBuildFile; fileRef = 5087E77817EB970100C73F5D /* Icon-152.png */; };
		5087E78417EB970100C73F5D /* Icon-57.png in Resources */ = {isa = PBXBuildFile; fileRef = 5087E77917EB970100C73F5D /* Icon-57.png */; };
		5087E78517EB970100C73F5D /* Icon-72.png in Resources */ = {isa = PBXBuildFile; fileRef = 5087E77A17EB970100C73F5D /* Icon-72.png */; };
		5087E78617EB970100C73F5D /* Icon-76.png in Resources */ = {isa = PBXBuildFile; fileRef = 5087E77B17EB970100C73F5D /* Icon-76.png */; };
		5087E78917EB974C00C73F5D /* AppKit.framework in Frameworks */ = {isa = PBXBuildFile; fileRef = 5087E78817EB974C00C73F5D /* AppKit.framework */; };
		5087E78B17EB975400C73F5D /* OpenGL.framework in Frameworks */ = {isa = PBXBuildFile; fileRef = 5087E78A17EB975400C73F5D /* OpenGL.framework */; };
		50EF629617ECD46A001EB2F8 /* Icon-40.png in Resources */ = {isa = PBXBuildFile; fileRef = 50EF629217ECD46A001EB2F8 /* Icon-40.png */; };
		50EF629717ECD46A001EB2F8 /* Icon-58.png in Resources */ = {isa = PBXBuildFile; fileRef = 50EF629317ECD46A001EB2F8 /* Icon-58.png */; };
		50EF629817ECD46A001EB2F8 /* Icon-80.png in Resources */ = {isa = PBXBuildFile; fileRef = 50EF629417ECD46A001EB2F8 /* Icon-80.png */; };
		50EF629917ECD46A001EB2F8 /* Icon-100.png in Resources */ = {isa = PBXBuildFile; fileRef = 50EF629517ECD46A001EB2F8 /* Icon-100.png */; };
		50EF62A217ECD613001EB2F8 /* Icon-29.png in Resources */ = {isa = PBXBuildFile; fileRef = 50EF62A017ECD613001EB2F8 /* Icon-29.png */; };
		50EF62A317ECD613001EB2F8 /* Icon-50.png in Resources */ = {isa = PBXBuildFile; fileRef = 50EF62A117ECD613001EB2F8 /* Icon-50.png */; };
		521A8E6419F0C34300D177D7 /* Default-667h@2x.png in Resources */ = {isa = PBXBuildFile; fileRef = 521A8E6219F0C34300D177D7 /* Default-667h@2x.png */; };
		521A8E6519F0C34300D177D7 /* Default-736h@3x.png in Resources */ = {isa = PBXBuildFile; fileRef = 521A8E6319F0C34300D177D7 /* Default-736h@3x.png */; };
		52B47A471A53D09C004E4C60 /* Security.framework in Frameworks */ = {isa = PBXBuildFile; fileRef = 52B47A461A53D09B004E4C60 /* Security.framework */; };
		67264650BD08F5A9E8B7ED1D /* libcocos2d iOS.a in Frameworks */ = {isa = PBXBuildFile; fileRef = 5D65417CAF89D7ADE4119FEC /* libcocos2d iOS.a */; };
		6CC743B7AEC6C4A1F5FEC304 /* res in Resources */ = {isa = PBXBuildFile; fileRef = 01F741B993AED8B544209AD5 /* res */; };
		8262943E1AAF051F00CB7CF7 /* Security.framework in Frameworks */ = {isa = PBXBuildFile; fileRef = 8262943D1AAF051F00CB7CF7 /* Security.framework */; };
		BF171245129291EC00B8313A /* OpenGLES.framework in Frameworks */ = {isa = PBXBuildFile; fileRef = BF170DB012928DE900B8313A /* OpenGLES.framework */; };
		BF1712471292920000B8313A /* libz.dylib in Frameworks */ = {isa = PBXBuildFile; fileRef = BF170DB412928DE900B8313A /* libz.dylib */; };
		BF1C47F01293687400B63C5D /* QuartzCore.framework in Frameworks */ = {isa = PBXBuildFile; fileRef = BF1C47EA1293683800B63C5D /* QuartzCore.framework */; };
		D44C620C132DFF330009C878 /* OpenAL.framework in Frameworks */ = {isa = PBXBuildFile; fileRef = D44C620B132DFF330009C878 /* OpenAL.framework */; };
		D44C620E132DFF430009C878 /* AVFoundation.framework in Frameworks */ = {isa = PBXBuildFile; fileRef = D44C620D132DFF430009C878 /* AVFoundation.framework */; };
		D44C6210132DFF4E0009C878 /* AudioToolbox.framework in Frameworks */ = {isa = PBXBuildFile; fileRef = D44C620F132DFF4E0009C878 /* AudioToolbox.framework */; };
		D6B0611B1803AB670077942B /* CoreMotion.framework in Frameworks */ = {isa = PBXBuildFile; fileRef = D6B0611A1803AB670077942B /* CoreMotion.framework */; };
		D6E4BC831CE12B5800178C01 /* start.png in Resources */ = {isa = PBXBuildFile; fileRef = D6E4BC421CE12B5800178C01 /* start.png */; };
		D6E4BC841CE12B5800178C01 /* 118.jpg in Resources */ = {isa = PBXBuildFile; fileRef = D6E4BC431CE12B5800178C01 /* 118.jpg */; };
		D6E4BC851CE12B5800178C01 /* attackbuttonNormal.png in Resources */ = {isa = PBXBuildFile; fileRef = D6E4BC441CE12B5800178C01 /* attackbuttonNormal.png */; };
		D6E4BC861CE12B5800178C01 /* attackbuttonSelected.png in Resources */ = {isa = PBXBuildFile; fileRef = D6E4BC451CE12B5800178C01 /* attackbuttonSelected.png */; };
		D6E4BC871CE12B5800178C01 /* blood.png in Resources */ = {isa = PBXBuildFile; fileRef = D6E4BC461CE12B5800178C01 /* blood.png */; };
		D6E4BC881CE12B5800178C01 /* bloodBg.png in Resources */ = {isa = PBXBuildFile; fileRef = D6E4BC471CE12B5800178C01 /* bloodBg.png */; };
		D6E4BC891CE12B5800178C01 /* bloodshadow.png in Resources */ = {isa = PBXBuildFile; fileRef = D6E4BC481CE12B5800178C01 /* bloodshadow.png */; };
		D6E4BC8A1CE12B5800178C01 /* Boy.plist in Resources */ = {isa = PBXBuildFile; fileRef = D6E4BC491CE12B5800178C01 /* Boy.plist */; };
		D6E4BC8B1CE12B5800178C01 /* Boy.pvr.ccz in Resources */ = {isa = PBXBuildFile; fileRef = D6E4BC4A1CE12B5800178C01 /* Boy.pvr.ccz */; };
		D6E4BC8C1CE12B5800178C01 /* enemy.plist in Resources */ = {isa = PBXBuildFile; fileRef = D6E4BC4B1CE12B5800178C01 /* enemy.plist */; };
		D6E4BC8D1CE12B5800178C01 /* enemy.pvr.ccz in Resources */ = {isa = PBXBuildFile; fileRef = D6E4BC4C1CE12B5800178C01 /* enemy.pvr.ccz */; };
		D6E4BC8E1CE12B5800178C01 /* map.png in Resources */ = {isa = PBXBuildFile; fileRef = D6E4BC4D1CE12B5800178C01 /* map.png */; };
		D6E4BC8F1CE12B5800178C01 /* mymap.tmx in Resources */ = {isa = PBXBuildFile; fileRef = D6E4BC4E1CE12B5800178C01 /* mymap.tmx */; };
		D6E4BC901CE12B5800178C01 /* SkillButton.png in Resources */ = {isa = PBXBuildFile; fileRef = D6E4BC4F1CE12B5800178C01 /* SkillButton.png */; };
		D6E4BC911CE12B5800178C01 /* SkillClick.png in Resources */ = {isa = PBXBuildFile; fileRef = D6E4BC501CE12B5800178C01 /* SkillClick.png */; };
		D6E4BC921CE12B5800178C01 /* SkillNormal.png in Resources */ = {isa = PBXBuildFile; fileRef = D6E4BC511CE12B5800178C01 /* SkillNormal.png */; };
		D6E4BC931CE12B5800178C01 /* SkillStencil.png in Resources */ = {isa = PBXBuildFile; fileRef = D6E4BC521CE12B5800178C01 /* SkillStencil.png */; };
		D6E4BC941CE12B5800178C01 /* joystick.png in Resources */ = {isa = PBXBuildFile; fileRef = D6E4BC531CE12B5800178C01 /* joystick.png */; };
		D6E4BC951CE12B5800178C01 /* joystickBg.png in Resources */ = {isa = PBXBuildFile; fileRef = D6E4BC541CE12B5800178C01 /* joystickBg.png */; };
		D6E4BC961CE12B5800178C01 /* 20002_attack_1.plist in Resources */ = {isa = PBXBuildFile; fileRef = D6E4BC551CE12B5800178C01 /* 20002_attack_1.plist */; };
		D6E4BC971CE12B5800178C01 /* 20002_attack_1.png in Resources */ = {isa = PBXBuildFile; fileRef = D6E4BC561CE12B5800178C01 /* 20002_attack_1.png */; };
		D6E4BC981CE12B5800178C01 /* 20002_attack_4.plist in Resources */ = {isa = PBXBuildFile; fileRef = D6E4BC571CE12B5800178C01 /* 20002_attack_4.plist */; };
		D6E4BC991CE12B5800178C01 /* 20002_attack_4.png in Resources */ = {isa = PBXBuildFile; fileRef = D6E4BC581CE12B5800178C01 /* 20002_attack_4.png */; };
		D6E4BC9A1CE12B5800178C01 /* 20002_hurt.plist in Resources */ = {isa = PBXBuildFile; fileRef = D6E4BC591CE12B5800178C01 /* 20002_hurt.plist */; };
		D6E4BC9B1CE12B5800178C01 /* 20002_hurt.png in Resources */ = {isa = PBXBuildFile; fileRef = D6E4BC5A1CE12B5800178C01 /* 20002_hurt.png */; };
		D6E4BC9C1CE12B5800178C01 /* 20002_run.plist in Resources */ = {isa = PBXBuildFile; fileRef = D6E4BC5B1CE12B5800178C01 /* 20002_run.plist */; };
		D6E4BC9D1CE12B5800178C01 /* 20002_run.png in Resources */ = {isa = PBXBuildFile; fileRef = D6E4BC5C1CE12B5800178C01 /* 20002_run.png */; };
		D6E4BC9E1CE12B5800178C01 /* 20002_stand.plist in Resources */ = {isa = PBXBuildFile; fileRef = D6E4BC5D1CE12B5800178C01 /* 20002_stand.plist */; };
		D6E4BC9F1CE12B5800178C01 /* 20002_stand.png in Resources */ = {isa = PBXBuildFile; fileRef = D6E4BC5E1CE12B5800178C01 /* 20002_stand.png */; };
		D6E4BCA01CE12B5800178C01 /* 20002_walk.plist in Resources */ = {isa = PBXBuildFile; fileRef = D6E4BC5F1CE12B5800178C01 /* 20002_walk.plist */; };
		D6E4BCA11CE12B5800178C01 /* 20002_walk.png in Resources */ = {isa = PBXBuildFile; fileRef = D6E4BC601CE12B5800178C01 /* 20002_walk.png */; };
		D6E4BCA21CE12B5800178C01 /* 20001_attack_1.plist in Resources */ = {isa = PBXBuildFile; fileRef = D6E4BC611CE12B5800178C01 /* 20001_attack_1.plist */; };
		D6E4BCA31CE12B5800178C01 /* 20001_attack_1.png in Resources */ = {isa = PBXBuildFile; fileRef = D6E4BC621CE12B5800178C01 /* 20001_attack_1.png */; };
		D6E4BCA41CE12B5800178C01 /* 20001_attack_2.plist in Resources */ = {isa = PBXBuildFile; fileRef = D6E4BC631CE12B5800178C01 /* 20001_attack_2.plist */; };
		D6E4BCA51CE12B5800178C01 /* 20001_attack_2.png in Resources */ = {isa = PBXBuildFile; fileRef = D6E4BC641CE12B5800178C01 /* 20001_attack_2.png */; };
		D6E4BCA61CE12B5800178C01 /* 20001_attack_3.plist in Resources */ = {isa = PBXBuildFile; fileRef = D6E4BC651CE12B5800178C01 /* 20001_attack_3.plist */; };
		D6E4BCA71CE12B5800178C01 /* 20001_attack_3.png in Resources */ = {isa = PBXBuildFile; fileRef = D6E4BC661CE12B5800178C01 /* 20001_attack_3.png */; };
		D6E4BCA81CE12B5800178C01 /* 20001_attack_4.plist in Resources */ = {isa = PBXBuildFile; fileRef = D6E4BC671CE12B5800178C01 /* 20001_attack_4.plist */; };
		D6E4BCA91CE12B5800178C01 /* 20001_attack_4.png in Resources */ = {isa = PBXBuildFile; fileRef = D6E4BC681CE12B5800178C01 /* 20001_attack_4.png */; };
		D6E4BCAA1CE12B5800178C01 /* 20001_attack_5.plist in Resources */ = {isa = PBXBuildFile; fileRef = D6E4BC691CE12B5800178C01 /* 20001_attack_5.plist */; };
		D6E4BCAB1CE12B5800178C01 /* 20001_attack_5.png in Resources */ = {isa = PBXBuildFile; fileRef = D6E4BC6A1CE12B5800178C01 /* 20001_attack_5.png */; };
		D6E4BCAC1CE12B5800178C01 /* 20001_attack_effect.plist in Resources */ = {isa = PBXBuildFile; fileRef = D6E4BC6B1CE12B5800178C01 /* 20001_attack_effect.plist */; };
		D6E4BCAD1CE12B5800178C01 /* 20001_attack_effect.png in Resources */ = {isa = PBXBuildFile; fileRef = D6E4BC6C1CE12B5800178C01 /* 20001_attack_effect.png */; };
		D6E4BCAE1CE12B5800178C01 /* 20001_attack.plist in Resources */ = {isa = PBXBuildFile; fileRef = D6E4BC6D1CE12B5800178C01 /* 20001_attack.plist */; };
		D6E4BCAF1CE12B5800178C01 /* 20001_attack.png in Resources */ = {isa = PBXBuildFile; fileRef = D6E4BC6E1CE12B5800178C01 /* 20001_attack.png */; };
		D6E4BCB01CE12B5800178C01 /* 20001_hurt.plist in Resources */ = {isa = PBXBuildFile; fileRef = D6E4BC6F1CE12B5800178C01 /* 20001_hurt.plist */; };
		D6E4BCB11CE12B5800178C01 /* 20001_hurt.png in Resources */ = {isa = PBXBuildFile; fileRef = D6E4BC701CE12B5800178C01 /* 20001_hurt.png */; };
		D6E4BCB21CE12B5800178C01 /* 20001_run.plist in Resources */ = {isa = PBXBuildFile; fileRef = D6E4BC711CE12B5800178C01 /* 20001_run.plist */; };
		D6E4BCB31CE12B5800178C01 /* 20001_run.png in Resources */ = {isa = PBXBuildFile; fileRef = D6E4BC721CE12B5800178C01 /* 20001_run.png */; };
		D6E4BCB41CE12B5800178C01 /* 20001_skill_effect.plist in Resources */ = {isa = PBXBuildFile; fileRef = D6E4BC731CE12B5800178C01 /* 20001_skill_effect.plist */; };
		D6E4BCB51CE12B5800178C01 /* 20001_skill_effect.png in Resources */ = {isa = PBXBuildFile; fileRef = D6E4BC741CE12B5800178C01 /* 20001_skill_effect.png */; };
		D6E4BCB61CE12B5800178C01 /* 20001_skill.plist in Resources */ = {isa = PBXBuildFile; fileRef = D6E4BC751CE12B5800178C01 /* 20001_skill.plist */; };
		D6E4BCB71CE12B5800178C01 /* 20001_skill.png in Resources */ = {isa = PBXBuildFile; fileRef = D6E4BC761CE12B5800178C01 /* 20001_skill.png */; };
		D6E4BCB81CE12B5800178C01 /* 20001_stand.plist in Resources */ = {isa = PBXBuildFile; fileRef = D6E4BC771CE12B5800178C01 /* 20001_stand.plist */; };
		D6E4BCB91CE12B5800178C01 /* 20001_stand.png in Resources */ = {isa = PBXBuildFile; fileRef = D6E4BC781CE12B5800178C01 /* 20001_stand.png */; };
		D6E4BCBA1CE12B5800178C01 /* 20001_walk.plist in Resources */ = {isa = PBXBuildFile; fileRef = D6E4BC791CE12B5800178C01 /* 20001_walk.plist */; };
		D6E4BCBB1CE12B5800178C01 /* 20001_walk.png in Resources */ = {isa = PBXBuildFile; fileRef = D6E4BC7A1CE12B5800178C01 /* 20001_walk.png */; };
		D6E4BCBC1CE12B5800178C01 /* 10009_attack.plist in Resources */ = {isa = PBXBuildFile; fileRef = D6E4BC7B1CE12B5800178C01 /* 10009_attack.plist */; };
		D6E4BCBD1CE12B5800178C01 /* 10009_attack.png in Resources */ = {isa = PBXBuildFile; fileRef = D6E4BC7C1CE12B5800178C01 /* 10009_attack.png */; };
		D6E4BCBE1CE12B5800178C01 /* 10009_die.plist in Resources */ = {isa = PBXBuildFile; fileRef = D6E4BC7D1CE12B5800178C01 /* 10009_die.plist */; };
		D6E4BCBF1CE12B5800178C01 /* 10009_die.png in Resources */ = {isa = PBXBuildFile; fileRef = D6E4BC7E1CE12B5800178C01 /* 10009_die.png */; };
		D6E4BCC01CE12B5800178C01 /* 10009_hurt.plist in Resources */ = {isa = PBXBuildFile; fileRef = D6E4BC7F1CE12B5800178C01 /* 10009_hurt.plist */; };
		D6E4BCC11CE12B5800178C01 /* 10009_hurt.png in Resources */ = {isa = PBXBuildFile; fileRef = D6E4BC801CE12B5800178C01 /* 10009_hurt.png */; };
		D6E4BCC21CE12B5800178C01 /* 10009_walk.plist in Resources */ = {isa = PBXBuildFile; fileRef = D6E4BC811CE12B5800178C01 /* 10009_walk.plist */; };
		D6E4BCC31CE12B5800178C01 /* 10009_walk.png in Resources */ = {isa = PBXBuildFile; fileRef = D6E4BC821CE12B5800178C01 /* 10009_walk.png */; };
		D6E4BCD11CE12B8800178C01 /* AppDelegate.cpp in Sources */ = {isa = PBXBuildFile; fileRef = D6E4BCC51CE12B8800178C01 /* AppDelegate.cpp */; };
		D6E4BCD21CE12B8800178C01 /* GameScene.cpp in Sources */ = {isa = PBXBuildFile; fileRef = D6E4BCC71CE12B8800178C01 /* GameScene.cpp */; };
		D6E4BCD31CE12B8800178C01 /* GaemStartScene.cpp in Sources */ = {isa = PBXBuildFile; fileRef = D6E4BCC91CE12B8800178C01 /* GaemStartScene.cpp */; };
		D6E4BCD41CE12B8800178C01 /* GameStart.cpp in Sources */ = {isa = PBXBuildFile; fileRef = D6E4BCCB1CE12B8800178C01 /* GameStart.cpp */; };
		D6E4BCD51CE12B8800178C01 /* GameLayer.cpp in Sources */ = {isa = PBXBuildFile; fileRef = D6E4BCCD1CE12B8800178C01 /* GameLayer.cpp */; };
		D6E4BCD61CE12B8800178C01 /* MapLayer.cpp in Sources */ = {isa = PBXBuildFile; fileRef = D6E4BCCF1CE12B8800178C01 /* MapLayer.cpp */; };
		D6E4BCE81CE12BA200178C01 /* Global.cpp in Sources */ = {isa = PBXBuildFile; fileRef = D6E4BCD81CE12BA200178C01 /* Global.cpp */; };
		D6E4BCE91CE12BA200178C01 /* Role.cpp in Sources */ = {isa = PBXBuildFile; fileRef = D6E4BCDA1CE12BA200178C01 /* Role.cpp */; };
		D6E4BCEA1CE12BA200178C01 /* Hero.cpp in Sources */ = {isa = PBXBuildFile; fileRef = D6E4BCDC1CE12BA200178C01 /* Hero.cpp */; };
		D6E4BCEB1CE12BA200178C01 /* Enemy.cpp in Sources */ = {isa = PBXBuildFile; fileRef = D6E4BCDE1CE12BA200178C01 /* Enemy.cpp */; };
		D6E4BCEC1CE12BA200178C01 /* StateLayer.cpp in Sources */ = {isa = PBXBuildFile; fileRef = D6E4BCE01CE12BA200178C01 /* StateLayer.cpp */; };
		D6E4BCED1CE12BA200178C01 /* HpShow.cpp in Sources */ = {isa = PBXBuildFile; fileRef = D6E4BCE21CE12BA200178C01 /* HpShow.cpp */; };
		D6E4BCEE1CE12BA200178C01 /* OperateLayer.cpp in Sources */ = {isa = PBXBuildFile; fileRef = D6E4BCE41CE12BA200178C01 /* OperateLayer.cpp */; };
		D6E4BCEF1CE12BA200178C01 /* Joystick.cpp in Sources */ = {isa = PBXBuildFile; fileRef = D6E4BCE61CE12BA200178C01 /* Joystick.cpp */; };
		ED545A7C1B68A1F400C3958E /* libiconv.dylib in Frameworks */ = {isa = PBXBuildFile; fileRef = ED545A7B1B68A1F400C3958E /* libiconv.dylib */; };
		ED545A7E1B68A1FA00C3958E /* libiconv.dylib in Frameworks */ = {isa = PBXBuildFile; fileRef = ED545A7D1B68A1FA00C3958E /* libiconv.dylib */; };
/* End PBXBuildFile section */

/* Begin PBXFileReference section */
		01F741B993AED8B544209AD5 /* res */ = {isa = PBXFileReference; lastKnownFileType = "?"; name = res; path = ../Resources/res; sourceTree = "<group>"; };
		1ACB3243164770DE00914215 /* libcurl.a */ = {isa = PBXFileReference; lastKnownFileType = archive.ar; name = libcurl.a; path = ../../cocos2dx/platform/third_party/ios/libraries/libcurl.a; sourceTree = "<group>"; };
		1D30AB110D05D00D00671497 /* Foundation.framework */ = {isa = PBXFileReference; lastKnownFileType = wrapper.framework; name = Foundation.framework; path = System/Library/Frameworks/Foundation.framework; sourceTree = SDKROOT; };
		1D6058910D05DD3D006BFB54 /* NewCocosProject-mobile.app */ = {isa = PBXFileReference; explicitFileType = wrapper.application; includeInIndex = 0; path = "NewCocosProject-mobile.app"; sourceTree = BUILT_PRODUCTS_DIR; };
		1DF5F4DF0D08C38300B7A737 /* UIKit.framework */ = {isa = PBXFileReference; lastKnownFileType = wrapper.framework; name = UIKit.framework; path = System/Library/Frameworks/UIKit.framework; sourceTree = SDKROOT; };
		288765A40DF7441C002DB57D /* CoreGraphics.framework */ = {isa = PBXFileReference; lastKnownFileType = wrapper.framework; name = CoreGraphics.framework; path = System/Library/Frameworks/CoreGraphics.framework; sourceTree = SDKROOT; };
		503AE0F617EB97AB00D1A890 /* Icon.icns */ = {isa = PBXFileReference; lastKnownFileType = image.icns; path = Icon.icns; sourceTree = "<group>"; };
		503AE0F717EB97AB00D1A890 /* Info.plist */ = {isa = PBXFileReference; fileEncoding = 4; lastKnownFileType = text.plist.xml; path = Info.plist; sourceTree = "<group>"; };
		503AE0FA17EB989F00D1A890 /* AppController.h */ = {isa = PBXFileReference; fileEncoding = 4; lastKnownFileType = sourcecode.c.h; name = AppController.h; path = ios/AppController.h; sourceTree = SOURCE_ROOT; };
		503AE0FB17EB989F00D1A890 /* AppController.mm */ = {isa = PBXFileReference; fileEncoding = 4; lastKnownFileType = sourcecode.cpp.objcpp; name = AppController.mm; path = ios/AppController.mm; sourceTree = SOURCE_ROOT; };
		503AE0FC17EB989F00D1A890 /* main.m */ = {isa = PBXFileReference; fileEncoding = 4; lastKnownFileType = sourcecode.c.objc; name = main.m; path = ios/main.m; sourceTree = SOURCE_ROOT; };
		503AE0FD17EB989F00D1A890 /* Prefix.pch */ = {isa = PBXFileReference; fileEncoding = 4; lastKnownFileType = sourcecode.c.h; name = Prefix.pch; path = ios/Prefix.pch; sourceTree = SOURCE_ROOT; };
		503AE0FE17EB989F00D1A890 /* RootViewController.h */ = {isa = PBXFileReference; fileEncoding = 4; lastKnownFileType = sourcecode.c.h; name = RootViewController.h; path = ios/RootViewController.h; sourceTree = SOURCE_ROOT; };
		503AE0FF17EB989F00D1A890 /* RootViewController.mm */ = {isa = PBXFileReference; fileEncoding = 4; lastKnownFileType = sourcecode.cpp.objcpp; name = RootViewController.mm; path = ios/RootViewController.mm; sourceTree = SOURCE_ROOT; };
		503AE10317EB98FF00D1A890 /* main.cpp */ = {isa = PBXFileReference; fileEncoding = 4; lastKnownFileType = sourcecode.cpp.cpp; name = main.cpp; path = mac/main.cpp; sourceTree = "<group>"; };
		503AE10417EB98FF00D1A890 /* Prefix.pch */ = {isa = PBXFileReference; fileEncoding = 4; lastKnownFileType = sourcecode.c.h; name = Prefix.pch; path = mac/Prefix.pch; sourceTree = "<group>"; };
		503AE11117EB99EE00D1A890 /* libcurl.dylib */ = {isa = PBXFileReference; lastKnownFileType = "compiled.mach-o.dylib"; name = libcurl.dylib; path = usr/lib/libcurl.dylib; sourceTree = SDKROOT; };
		503AE11A17EB9C5A00D1A890 /* IOKit.framework */ = {isa = PBXFileReference; lastKnownFileType = wrapper.framework; name = IOKit.framework; path = System/Library/Frameworks/IOKit.framework; sourceTree = SDKROOT; };
		5087E76F17EB910900C73F5D /* NewCocosProject-desktop.app */ = {isa = PBXFileReference; explicitFileType = wrapper.application; includeInIndex = 0; path = "NewCocosProject-desktop.app"; sourceTree = BUILT_PRODUCTS_DIR; };
		5087E77217EB970100C73F5D /* Default-568h@2x.png */ = {isa = PBXFileReference; lastKnownFileType = image.png; path = "Default-568h@2x.png"; sourceTree = "<group>"; };
		5087E77317EB970100C73F5D /* Default.png */ = {isa = PBXFileReference; lastKnownFileType = image.png; path = Default.png; sourceTree = "<group>"; };
		5087E77417EB970100C73F5D /* Default@2x.png */ = {isa = PBXFileReference; lastKnownFileType = image.png; path = "Default@2x.png"; sourceTree = "<group>"; };
		5087E77517EB970100C73F5D /* Icon-114.png */ = {isa = PBXFileReference; lastKnownFileType = image.png; path = "Icon-114.png"; sourceTree = "<group>"; };
		5087E77617EB970100C73F5D /* Icon-120.png */ = {isa = PBXFileReference; lastKnownFileType = image.png; path = "Icon-120.png"; sourceTree = "<group>"; };
		5087E77717EB970100C73F5D /* Icon-144.png */ = {isa = PBXFileReference; lastKnownFileType = image.png; path = "Icon-144.png"; sourceTree = "<group>"; };
		5087E77817EB970100C73F5D /* Icon-152.png */ = {isa = PBXFileReference; lastKnownFileType = image.png; path = "Icon-152.png"; sourceTree = "<group>"; };
		5087E77917EB970100C73F5D /* Icon-57.png */ = {isa = PBXFileReference; lastKnownFileType = image.png; path = "Icon-57.png"; sourceTree = "<group>"; };
		5087E77A17EB970100C73F5D /* Icon-72.png */ = {isa = PBXFileReference; lastKnownFileType = image.png; path = "Icon-72.png"; sourceTree = "<group>"; };
		5087E77B17EB970100C73F5D /* Icon-76.png */ = {isa = PBXFileReference; lastKnownFileType = image.png; path = "Icon-76.png"; sourceTree = "<group>"; };
		5087E77C17EB970100C73F5D /* Info.plist */ = {isa = PBXFileReference; fileEncoding = 4; lastKnownFileType = text.plist.xml; path = Info.plist; sourceTree = "<group>"; };
		5087E78817EB974C00C73F5D /* AppKit.framework */ = {isa = PBXFileReference; lastKnownFileType = wrapper.framework; name = AppKit.framework; path = System/Library/Frameworks/AppKit.framework; sourceTree = SDKROOT; };
		5087E78A17EB975400C73F5D /* OpenGL.framework */ = {isa = PBXFileReference; lastKnownFileType = wrapper.framework; name = OpenGL.framework; path = System/Library/Frameworks/OpenGL.framework; sourceTree = SDKROOT; };
		50EF629217ECD46A001EB2F8 /* Icon-40.png */ = {isa = PBXFileReference; lastKnownFileType = image.png; path = "Icon-40.png"; sourceTree = "<group>"; };
		50EF629317ECD46A001EB2F8 /* Icon-58.png */ = {isa = PBXFileReference; lastKnownFileType = image.png; path = "Icon-58.png"; sourceTree = "<group>"; };
		50EF629417ECD46A001EB2F8 /* Icon-80.png */ = {isa = PBXFileReference; lastKnownFileType = image.png; path = "Icon-80.png"; sourceTree = "<group>"; };
		50EF629517ECD46A001EB2F8 /* Icon-100.png */ = {isa = PBXFileReference; lastKnownFileType = image.png; path = "Icon-100.png"; sourceTree = "<group>"; };
		50EF62A017ECD613001EB2F8 /* Icon-29.png */ = {isa = PBXFileReference; lastKnownFileType = image.png; path = "Icon-29.png"; sourceTree = "<group>"; };
		50EF62A117ECD613001EB2F8 /* Icon-50.png */ = {isa = PBXFileReference; lastKnownFileType = image.png; path = "Icon-50.png"; sourceTree = "<group>"; };
		51554DA9A2FA70F46AF9E679 /* libcocos2d Mac.a */ = {isa = PBXFileReference; lastKnownFileType = archive.ar; name = "libcocos2d Mac.a"; path = "/Applications/Cocos/Cocos2d-x/cocos2d-x-3.10/prebuilt/mac/libcocos2d Mac.a"; sourceTree = "<absolute>"; };
		521A8E6219F0C34300D177D7 /* Default-667h@2x.png */ = {isa = PBXFileReference; lastKnownFileType = image.png; path = "Default-667h@2x.png"; sourceTree = "<group>"; };
		521A8E6319F0C34300D177D7 /* Default-736h@3x.png */ = {isa = PBXFileReference; lastKnownFileType = image.png; path = "Default-736h@3x.png"; sourceTree = "<group>"; };
		52B47A461A53D09B004E4C60 /* Security.framework */ = {isa = PBXFileReference; lastKnownFileType = wrapper.framework; name = Security.framework; path = Platforms/iPhoneOS.platform/Developer/SDKs/iPhoneOS8.1.sdk/System/Library/Frameworks/Security.framework; sourceTree = DEVELOPER_DIR; };
		5D65417CAF89D7ADE4119FEC /* libcocos2d iOS.a */ = {isa = PBXFileReference; lastKnownFileType = archive.ar; name = "libcocos2d iOS.a"; path = "/Applications/Cocos/Cocos2d-x/cocos2d-x-3.10/prebuilt/ios/libcocos2d iOS.a"; sourceTree = "<absolute>"; };
		8262943D1AAF051F00CB7CF7 /* Security.framework */ = {isa = PBXFileReference; lastKnownFileType = wrapper.framework; name = Security.framework; path = System/Library/Frameworks/Security.framework; sourceTree = SDKROOT; };
		BF170DB012928DE900B8313A /* OpenGLES.framework */ = {isa = PBXFileReference; lastKnownFileType = wrapper.framework; name = OpenGLES.framework; path = System/Library/Frameworks/OpenGLES.framework; sourceTree = SDKROOT; };
		BF170DB412928DE900B8313A /* libz.dylib */ = {isa = PBXFileReference; lastKnownFileType = "compiled.mach-o.dylib"; name = libz.dylib; path = usr/lib/libz.dylib; sourceTree = SDKROOT; };
		BF1C47EA1293683800B63C5D /* QuartzCore.framework */ = {isa = PBXFileReference; lastKnownFileType = wrapper.framework; name = QuartzCore.framework; path = System/Library/Frameworks/QuartzCore.framework; sourceTree = SDKROOT; };
		D44C620B132DFF330009C878 /* OpenAL.framework */ = {isa = PBXFileReference; lastKnownFileType = wrapper.framework; name = OpenAL.framework; path = System/Library/Frameworks/OpenAL.framework; sourceTree = SDKROOT; };
		D44C620D132DFF430009C878 /* AVFoundation.framework */ = {isa = PBXFileReference; lastKnownFileType = wrapper.framework; name = AVFoundation.framework; path = System/Library/Frameworks/AVFoundation.framework; sourceTree = SDKROOT; };
		D44C620F132DFF4E0009C878 /* AudioToolbox.framework */ = {isa = PBXFileReference; lastKnownFileType = wrapper.framework; name = AudioToolbox.framework; path = System/Library/Frameworks/AudioToolbox.framework; sourceTree = SDKROOT; };
		D6B0611A1803AB670077942B /* CoreMotion.framework */ = {isa = PBXFileReference; lastKnownFileType = wrapper.framework; name = CoreMotion.framework; path = Platforms/iPhoneOS.platform/Developer/SDKs/iPhoneOS7.0.sdk/System/Library/Frameworks/CoreMotion.framework; sourceTree = DEVELOPER_DIR; };
		D6E4BC421CE12B5800178C01 /* start.png */ = {isa = PBXFileReference; lastKnownFileType = image.png; path = start.png; sourceTree = "<group>"; };
		D6E4BC431CE12B5800178C01 /* 118.jpg */ = {isa = PBXFileReference; lastKnownFileType = image.jpeg; path = 118.jpg; sourceTree = "<group>"; };
		D6E4BC441CE12B5800178C01 /* attackbuttonNormal.png */ = {isa = PBXFileReference; lastKnownFileType = image.png; path = attackbuttonNormal.png; sourceTree = "<group>"; };
		D6E4BC451CE12B5800178C01 /* attackbuttonSelected.png */ = {isa = PBXFileReference; lastKnownFileType = image.png; path = attackbuttonSelected.png; sourceTree = "<group>"; };
		D6E4BC461CE12B5800178C01 /* blood.png */ = {isa = PBXFileReference; lastKnownFileType = image.png; path = blood.png; sourceTree = "<group>"; };
		D6E4BC471CE12B5800178C01 /* bloodBg.png */ = {isa = PBXFileReference; lastKnownFileType = image.png; path = bloodBg.png; sourceTree = "<group>"; };
		D6E4BC481CE12B5800178C01 /* bloodshadow.png */ = {isa = PBXFileReference; lastKnownFileType = image.png; path = bloodshadow.png; sourceTree = "<group>"; };
		D6E4BC491CE12B5800178C01 /* Boy.plist */ = {isa = PBXFileReference; fileEncoding = 4; lastKnownFileType = text.plist.xml; path = Boy.plist; sourceTree = "<group>"; };
		D6E4BC4A1CE12B5800178C01 /* Boy.pvr.ccz */ = {isa = PBXFileReference; lastKnownFileType = file; path = Boy.pvr.ccz; sourceTree = "<group>"; };
		D6E4BC4B1CE12B5800178C01 /* enemy.plist */ = {isa = PBXFileReference; fileEncoding = 4; lastKnownFileType = text.plist.xml; path = enemy.plist; sourceTree = "<group>"; };
		D6E4BC4C1CE12B5800178C01 /* enemy.pvr.ccz */ = {isa = PBXFileReference; lastKnownFileType = file; path = enemy.pvr.ccz; sourceTree = "<group>"; };
		D6E4BC4D1CE12B5800178C01 /* map.png */ = {isa = PBXFileReference; lastKnownFileType = image.png; path = map.png; sourceTree = "<group>"; };
		D6E4BC4E1CE12B5800178C01 /* mymap.tmx */ = {isa = PBXFileReference; fileEncoding = 4; lastKnownFileType = text.xml; path = mymap.tmx; sourceTree = "<group>"; };
		D6E4BC4F1CE12B5800178C01 /* SkillButton.png */ = {isa = PBXFileReference; lastKnownFileType = image.png; path = SkillButton.png; sourceTree = "<group>"; };
		D6E4BC501CE12B5800178C01 /* SkillClick.png */ = {isa = PBXFileReference; lastKnownFileType = image.png; path = SkillClick.png; sourceTree = "<group>"; };
		D6E4BC511CE12B5800178C01 /* SkillNormal.png */ = {isa = PBXFileReference; lastKnownFileType = image.png; path = SkillNormal.png; sourceTree = "<group>"; };
		D6E4BC521CE12B5800178C01 /* SkillStencil.png */ = {isa = PBXFileReference; lastKnownFileType = image.png; path = SkillStencil.png; sourceTree = "<group>"; };
		D6E4BC531CE12B5800178C01 /* joystick.png */ = {isa = PBXFileReference; lastKnownFileType = image.png; path = joystick.png; sourceTree = "<group>"; };
		D6E4BC541CE12B5800178C01 /* joystickBg.png */ = {isa = PBXFileReference; lastKnownFileType = image.png; path = joystickBg.png; sourceTree = "<group>"; };
		D6E4BC551CE12B5800178C01 /* 20002_attack_1.plist */ = {isa = PBXFileReference; fileEncoding = 4; lastKnownFileType = text.plist.xml; path = 20002_attack_1.plist; sourceTree = "<group>"; };
		D6E4BC561CE12B5800178C01 /* 20002_attack_1.png */ = {isa = PBXFileReference; lastKnownFileType = image.png; path = 20002_attack_1.png; sourceTree = "<group>"; };
		D6E4BC571CE12B5800178C01 /* 20002_attack_4.plist */ = {isa = PBXFileReference; fileEncoding = 4; lastKnownFileType = text.plist.xml; path = 20002_attack_4.plist; sourceTree = "<group>"; };
		D6E4BC581CE12B5800178C01 /* 20002_attack_4.png */ = {isa = PBXFileReference; lastKnownFileType = image.png; path = 20002_attack_4.png; sourceTree = "<group>"; };
		D6E4BC591CE12B5800178C01 /* 20002_hurt.plist */ = {isa = PBXFileReference; fileEncoding = 4; lastKnownFileType = text.plist.xml; path = 20002_hurt.plist; sourceTree = "<group>"; };
		D6E4BC5A1CE12B5800178C01 /* 20002_hurt.png */ = {isa = PBXFileReference; lastKnownFileType = image.png; path = 20002_hurt.png; sourceTree = "<group>"; };
		D6E4BC5B1CE12B5800178C01 /* 20002_run.plist */ = {isa = PBXFileReference; fileEncoding = 4; lastKnownFileType = text.plist.xml; path = 20002_run.plist; sourceTree = "<group>"; };
		D6E4BC5C1CE12B5800178C01 /* 20002_run.png */ = {isa = PBXFileReference; lastKnownFileType = image.png; path = 20002_run.png; sourceTree = "<group>"; };
		D6E4BC5D1CE12B5800178C01 /* 20002_stand.plist */ = {isa = PBXFileReference; fileEncoding = 4; lastKnownFileType = text.plist.xml; path = 20002_stand.plist; sourceTree = "<group>"; };
		D6E4BC5E1CE12B5800178C01 /* 20002_stand.png */ = {isa = PBXFileReference; lastKnownFileType = image.png; path = 20002_stand.png; sourceTree = "<group>"; };
		D6E4BC5F1CE12B5800178C01 /* 20002_walk.plist */ = {isa = PBXFileReference; fileEncoding = 4; lastKnownFileType = text.plist.xml; path = 20002_walk.plist; sourceTree = "<group>"; };
		D6E4BC601CE12B5800178C01 /* 20002_walk.png */ = {isa = PBXFileReference; lastKnownFileType = image.png; path = 20002_walk.png; sourceTree = "<group>"; };
		D6E4BC611CE12B5800178C01 /* 20001_attack_1.plist */ = {isa = PBXFileReference; fileEncoding = 4; lastKnownFileType = text.plist.xml; path = 20001_attack_1.plist; sourceTree = "<group>"; };
		D6E4BC621CE12B5800178C01 /* 20001_attack_1.png */ = {isa = PBXFileReference; lastKnownFileType = image.png; path = 20001_attack_1.png; sourceTree = "<group>"; };
		D6E4BC631CE12B5800178C01 /* 20001_attack_2.plist */ = {isa = PBXFileReference; fileEncoding = 4; lastKnownFileType = text.plist.xml; path = 20001_attack_2.plist; sourceTree = "<group>"; };
		D6E4BC641CE12B5800178C01 /* 20001_attack_2.png */ = {isa = PBXFileReference; lastKnownFileType = image.png; path = 20001_attack_2.png; sourceTree = "<group>"; };
		D6E4BC651CE12B5800178C01 /* 20001_attack_3.plist */ = {isa = PBXFileReference; fileEncoding = 4; lastKnownFileType = text.plist.xml; path = 20001_attack_3.plist; sourceTree = "<group>"; };
		D6E4BC661CE12B5800178C01 /* 20001_attack_3.png */ = {isa = PBXFileReference; lastKnownFileType = image.png; path = 20001_attack_3.png; sourceTree = "<group>"; };
		D6E4BC671CE12B5800178C01 /* 20001_attack_4.plist */ = {isa = PBXFileReference; fileEncoding = 4; lastKnownFileType = text.plist.xml; path = 20001_attack_4.plist; sourceTree = "<group>"; };
		D6E4BC681CE12B5800178C01 /* 20001_attack_4.png */ = {isa = PBXFileReference; lastKnownFileType = image.png; path = 20001_attack_4.png; sourceTree = "<group>"; };
		D6E4BC691CE12B5800178C01 /* 20001_attack_5.plist */ = {isa = PBXFileReference; fileEncoding = 4; lastKnownFileType = text.plist.xml; path = 20001_attack_5.plist; sourceTree = "<group>"; };
		D6E4BC6A1CE12B5800178C01 /* 20001_attack_5.png */ = {isa = PBXFileReference; lastKnownFileType = image.png; path = 20001_attack_5.png; sourceTree = "<group>"; };
		D6E4BC6B1CE12B5800178C01 /* 20001_attack_effect.plist */ = {isa = PBXFileReference; fileEncoding = 4; lastKnownFileType = text.plist.xml; path = 20001_attack_effect.plist; sourceTree = "<group>"; };
		D6E4BC6C1CE12B5800178C01 /* 20001_attack_effect.png */ = {isa = PBXFileReference; lastKnownFileType = image.png; path = 20001_attack_effect.png; sourceTree = "<group>"; };
		D6E4BC6D1CE12B5800178C01 /* 20001_attack.plist */ = {isa = PBXFileReference; fileEncoding = 4; lastKnownFileType = text.plist.xml; path = 20001_attack.plist; sourceTree = "<group>"; };
		D6E4BC6E1CE12B5800178C01 /* 20001_attack.png */ = {isa = PBXFileReference; lastKnownFileType = image.png; path = 20001_attack.png; sourceTree = "<group>"; };
		D6E4BC6F1CE12B5800178C01 /* 20001_hurt.plist */ = {isa = PBXFileReference; fileEncoding = 4; lastKnownFileType = text.plist.xml; path = 20001_hurt.plist; sourceTree = "<group>"; };
		D6E4BC701CE12B5800178C01 /* 20001_hurt.png */ = {isa = PBXFileReference; lastKnownFileType = image.png; path = 20001_hurt.png; sourceTree = "<group>"; };
		D6E4BC711CE12B5800178C01 /* 20001_run.plist */ = {isa = PBXFileReference; fileEncoding = 4; lastKnownFileType = text.plist.xml; path = 20001_run.plist; sourceTree = "<group>"; };
		D6E4BC721CE12B5800178C01 /* 20001_run.png */ = {isa = PBXFileReference; lastKnownFileType = image.png; path = 20001_run.png; sourceTree = "<group>"; };
		D6E4BC731CE12B5800178C01 /* 20001_skill_effect.plist */ = {isa = PBXFileReference; fileEncoding = 4; lastKnownFileType = text.plist.xml; path = 20001_skill_effect.plist; sourceTree = "<group>"; };
		D6E4BC741CE12B5800178C01 /* 20001_skill_effect.png */ = {isa = PBXFileReference; lastKnownFileType = image.png; path = 20001_skill_effect.png; sourceTree = "<group>"; };
		D6E4BC751CE12B5800178C01 /* 20001_skill.plist */ = {isa = PBXFileReference; fileEncoding = 4; lastKnownFileType = text.plist.xml; path = 20001_skill.plist; sourceTree = "<group>"; };
		D6E4BC761CE12B5800178C01 /* 20001_skill.png */ = {isa = PBXFileReference; lastKnownFileType = image.png; path = 20001_skill.png; sourceTree = "<group>"; };
		D6E4BC771CE12B5800178C01 /* 20001_stand.plist */ = {isa = PBXFileReference; fileEncoding = 4; lastKnownFileType = text.plist.xml; path = 20001_stand.plist; sourceTree = "<group>"; };
		D6E4BC781CE12B5800178C01 /* 20001_stand.png */ = {isa = PBXFileReference; lastKnownFileType = image.png; path = 20001_stand.png; sourceTree = "<group>"; };
		D6E4BC791CE12B5800178C01 /* 20001_walk.plist */ = {isa = PBXFileReference; fileEncoding = 4; lastKnownFileType = text.plist.xml; path = 20001_walk.plist; sourceTree = "<group>"; };
		D6E4BC7A1CE12B5800178C01 /* 20001_walk.png */ = {isa = PBXFileReference; lastKnownFileType = image.png; path = 20001_walk.png; sourceTree = "<group>"; };
		D6E4BC7B1CE12B5800178C01 /* 10009_attack.plist */ = {isa = PBXFileReference; fileEncoding = 4; lastKnownFileType = text.plist.xml; path = 10009_attack.plist; sourceTree = "<group>"; };
		D6E4BC7C1CE12B5800178C01 /* 10009_attack.png */ = {isa = PBXFileReference; lastKnownFileType = image.png; path = 10009_attack.png; sourceTree = "<group>"; };
		D6E4BC7D1CE12B5800178C01 /* 10009_die.plist */ = {isa = PBXFileReference; fileEncoding = 4; lastKnownFileType = text.plist.xml; path = 10009_die.plist; sourceTree = "<group>"; };
		D6E4BC7E1CE12B5800178C01 /* 10009_die.png */ = {isa = PBXFileReference; lastKnownFileType = image.png; path = 10009_die.png; sourceTree = "<group>"; };
		D6E4BC7F1CE12B5800178C01 /* 10009_hurt.plist */ = {isa = PBXFileReference; fileEncoding = 4; lastKnownFileType = text.plist.xml; path = 10009_hurt.plist; sourceTree = "<group>"; };
		D6E4BC801CE12B5800178C01 /* 10009_hurt.png */ = {isa = PBXFileReference; lastKnownFileType = image.png; path = 10009_hurt.png; sourceTree = "<group>"; };
		D6E4BC811CE12B5800178C01 /* 10009_walk.plist */ = {isa = PBXFileReference; fileEncoding = 4; lastKnownFileType = text.plist.xml; path = 10009_walk.plist; sourceTree = "<group>"; };
		D6E4BC821CE12B5800178C01 /* 10009_walk.png */ = {isa = PBXFileReference; lastKnownFileType = image.png; path = 10009_walk.png; sourceTree = "<group>"; };
		D6E4BCC51CE12B8800178C01 /* AppDelegate.cpp */ = {isa = PBXFileReference; fileEncoding = 4; lastKnownFileType = sourcecode.cpp.cpp; path = AppDelegate.cpp; sourceTree = "<group>"; };
		D6E4BCC61CE12B8800178C01 /* AppDelegate.h */ = {isa = PBXFileReference; fileEncoding = 4; lastKnownFileType = sourcecode.c.h; path = AppDelegate.h; sourceTree = "<group>"; };
		D6E4BCC71CE12B8800178C01 /* GameScene.cpp */ = {isa = PBXFileReference; fileEncoding = 4; lastKnownFileType = sourcecode.cpp.cpp; path = GameScene.cpp; sourceTree = "<group>"; };
		D6E4BCC81CE12B8800178C01 /* GameScene.h */ = {isa = PBXFileReference; fileEncoding = 4; lastKnownFileType = sourcecode.c.h; path = GameScene.h; sourceTree = "<group>"; };
		D6E4BCC91CE12B8800178C01 /* GaemStartScene.cpp */ = {isa = PBXFileReference; fileEncoding = 4; lastKnownFileType = sourcecode.cpp.cpp; path = GaemStartScene.cpp; sourceTree = "<group>"; };
		D6E4BCCA1CE12B8800178C01 /* GaemStartScene.hpp */ = {isa = PBXFileReference; fileEncoding = 4; lastKnownFileType = sourcecode.cpp.h; path = GaemStartScene.hpp; sourceTree = "<group>"; };
		D6E4BCCB1CE12B8800178C01 /* GameStart.cpp */ = {isa = PBXFileReference; fileEncoding = 4; lastKnownFileType = sourcecode.cpp.cpp; path = GameStart.cpp; sourceTree = "<group>"; };
		D6E4BCCC1CE12B8800178C01 /* GameStart.hpp */ = {isa = PBXFileReference; fileEncoding = 4; lastKnownFileType = sourcecode.cpp.h; path = GameStart.hpp; sourceTree = "<group>"; };
		D6E4BCCD1CE12B8800178C01 /* GameLayer.cpp */ = {isa = PBXFileReference; fileEncoding = 4; lastKnownFileType = sourcecode.cpp.cpp; path = GameLayer.cpp; sourceTree = "<group>"; };
		D6E4BCCE1CE12B8800178C01 /* GameLayer.hpp */ = {isa = PBXFileReference; fileEncoding = 4; lastKnownFileType = sourcecode.cpp.h; path = GameLayer.hpp; sourceTree = "<group>"; };
		D6E4BCCF1CE12B8800178C01 /* MapLayer.cpp */ = {isa = PBXFileReference; fileEncoding = 4; lastKnownFileType = sourcecode.cpp.cpp; path = MapLayer.cpp; sourceTree = "<group>"; };
		D6E4BCD01CE12B8800178C01 /* MapLayer.hpp */ = {isa = PBXFileReference; fileEncoding = 4; lastKnownFileType = sourcecode.cpp.h; path = MapLayer.hpp; sourceTree = "<group>"; };
		D6E4BCD71CE12BA200178C01 /* Singleton.h */ = {isa = PBXFileReference; fileEncoding = 4; lastKnownFileType = sourcecode.c.h; path = Singleton.h; sourceTree = "<group>"; };
		D6E4BCD81CE12BA200178C01 /* Global.cpp */ = {isa = PBXFileReference; fileEncoding = 4; lastKnownFileType = sourcecode.cpp.cpp; path = Global.cpp; sourceTree = "<group>"; };
		D6E4BCD91CE12BA200178C01 /* Global.hpp */ = {isa = PBXFileReference; fileEncoding = 4; lastKnownFileType = sourcecode.cpp.h; path = Global.hpp; sourceTree = "<group>"; };
		D6E4BCDA1CE12BA200178C01 /* Role.cpp */ = {isa = PBXFileReference; fileEncoding = 4; lastKnownFileType = sourcecode.cpp.cpp; path = Role.cpp; sourceTree = "<group>"; };
		D6E4BCDB1CE12BA200178C01 /* Role.hpp */ = {isa = PBXFileReference; fileEncoding = 4; lastKnownFileType = sourcecode.cpp.h; path = Role.hpp; sourceTree = "<group>"; };
		D6E4BCDC1CE12BA200178C01 /* Hero.cpp */ = {isa = PBXFileReference; fileEncoding = 4; lastKnownFileType = sourcecode.cpp.cpp; path = Hero.cpp; sourceTree = "<group>"; };
		D6E4BCDD1CE12BA200178C01 /* Hero.hpp */ = {isa = PBXFileReference; fileEncoding = 4; lastKnownFileType = sourcecode.cpp.h; path = Hero.hpp; sourceTree = "<group>"; };
		D6E4BCDE1CE12BA200178C01 /* Enemy.cpp */ = {isa = PBXFileReference; fileEncoding = 4; lastKnownFileType = sourcecode.cpp.cpp; path = Enemy.cpp; sourceTree = "<group>"; };
		D6E4BCDF1CE12BA200178C01 /* Enemy.hpp */ = {isa = PBXFileReference; fileEncoding = 4; lastKnownFileType = sourcecode.cpp.h; path = Enemy.hpp; sourceTree = "<group>"; };
		D6E4BCE01CE12BA200178C01 /* StateLayer.cpp */ = {isa = PBXFileReference; fileEncoding = 4; lastKnownFileType = sourcecode.cpp.cpp; path = StateLayer.cpp; sourceTree = "<group>"; };
		D6E4BCE11CE12BA200178C01 /* StateLayer.hpp */ = {isa = PBXFileReference; fileEncoding = 4; lastKnownFileType = sourcecode.cpp.h; path = StateLayer.hpp; sourceTree = "<group>"; };
		D6E4BCE21CE12BA200178C01 /* HpShow.cpp */ = {isa = PBXFileReference; fileEncoding = 4; lastKnownFileType = sourcecode.cpp.cpp; path = HpShow.cpp; sourceTree = "<group>"; };
		D6E4BCE31CE12BA200178C01 /* HpShow.hpp */ = {isa = PBXFileReference; fileEncoding = 4; lastKnownFileType = sourcecode.cpp.h; path = HpShow.hpp; sourceTree = "<group>"; };
		D6E4BCE41CE12BA200178C01 /* OperateLayer.cpp */ = {isa = PBXFileReference; fileEncoding = 4; lastKnownFileType = sourcecode.cpp.cpp; path = OperateLayer.cpp; sourceTree = "<group>"; };
		D6E4BCE51CE12BA200178C01 /* OperateLayer.hpp */ = {isa = PBXFileReference; fileEncoding = 4; lastKnownFileType = sourcecode.cpp.h; path = OperateLayer.hpp; sourceTree = "<group>"; };
		D6E4BCE61CE12BA200178C01 /* Joystick.cpp */ = {isa = PBXFileReference; fileEncoding = 4; lastKnownFileType = sourcecode.cpp.cpp; path = Joystick.cpp; sourceTree = "<group>"; };
		D6E4BCE71CE12BA200178C01 /* Joystick.hpp */ = {isa = PBXFileReference; fileEncoding = 4; lastKnownFileType = sourcecode.cpp.h; path = Joystick.hpp; sourceTree = "<group>"; };
		ED545A7B1B68A1F400C3958E /* libiconv.dylib */ = {isa = PBXFileReference; lastKnownFileType = "compiled.mach-o.dylib"; name = libiconv.dylib; path = Platforms/iPhoneOS.platform/Developer/SDKs/iPhoneOS8.4.sdk/usr/lib/libiconv.dylib; sourceTree = DEVELOPER_DIR; };
		ED545A7D1B68A1FA00C3958E /* libiconv.dylib */ = {isa = PBXFileReference; lastKnownFileType = "compiled.mach-o.dylib"; name = libiconv.dylib; path = usr/lib/libiconv.dylib; sourceTree = SDKROOT; };
/* End PBXFileReference section */

/* Begin PBXFrameworksBuildPhase section */
		1D60588F0D05DD3D006BFB54 /* Frameworks */ = {
			isa = PBXFrameworksBuildPhase;
			buildActionMask = 2147483647;
			files = (
				ED545A7C1B68A1F400C3958E /* libiconv.dylib in Frameworks */,
				52B47A471A53D09C004E4C60 /* Security.framework in Frameworks */,
				D6B0611B1803AB670077942B /* CoreMotion.framework in Frameworks */,
				1D60589F0D05DD5A006BFB54 /* Foundation.framework in Frameworks */,
				1DF5F4E00D08C38300B7A737 /* UIKit.framework in Frameworks */,
				288765A50DF7441C002DB57D /* CoreGraphics.framework in Frameworks */,
				BF171245129291EC00B8313A /* OpenGLES.framework in Frameworks */,
				BF1712471292920000B8313A /* libz.dylib in Frameworks */,
				BF1C47F01293687400B63C5D /* QuartzCore.framework in Frameworks */,
				D44C620C132DFF330009C878 /* OpenAL.framework in Frameworks */,
				D44C620E132DFF430009C878 /* AVFoundation.framework in Frameworks */,
				D44C6210132DFF4E0009C878 /* AudioToolbox.framework in Frameworks */,
				67264650BD08F5A9E8B7ED1D /* libcocos2d iOS.a in Frameworks */,
			);
			runOnlyForDeploymentPostprocessing = 0;
		};
		5087E75C17EB910900C73F5D /* Frameworks */ = {
			isa = PBXFrameworksBuildPhase;
			buildActionMask = 2147483647;
			files = (
				ED545A7E1B68A1FA00C3958E /* libiconv.dylib in Frameworks */,
				5087E76717EB910900C73F5D /* libz.dylib in Frameworks */,
				8262943E1AAF051F00CB7CF7 /* Security.framework in Frameworks */,
				503AE11B17EB9C5A00D1A890 /* IOKit.framework in Frameworks */,
				5087E78B17EB975400C73F5D /* OpenGL.framework in Frameworks */,
				5087E78917EB974C00C73F5D /* AppKit.framework in Frameworks */,
				5087E76317EB910900C73F5D /* Foundation.framework in Frameworks */,
				5087E76817EB910900C73F5D /* QuartzCore.framework in Frameworks */,
				5087E76917EB910900C73F5D /* OpenAL.framework in Frameworks */,
				5087E76A17EB910900C73F5D /* AVFoundation.framework in Frameworks */,
				5087E76B17EB910900C73F5D /* AudioToolbox.framework in Frameworks */,
				2D8E4310A2E154128CD9AB6F /* libcocos2d Mac.a in Frameworks */,
			);
			runOnlyForDeploymentPostprocessing = 0;
		};
/* End PBXFrameworksBuildPhase section */

/* Begin PBXGroup section */
		080E96DDFE201D6D7F000001 /* ios */ = {
			isa = PBXGroup;
			children = (
				5087E77117EB970100C73F5D /* Icons */,
				503AE0FA17EB989F00D1A890 /* AppController.h */,
				503AE0FB17EB989F00D1A890 /* AppController.mm */,
				503AE0FC17EB989F00D1A890 /* main.m */,
				503AE0FD17EB989F00D1A890 /* Prefix.pch */,
				503AE0FE17EB989F00D1A890 /* RootViewController.h */,
				503AE0FF17EB989F00D1A890 /* RootViewController.mm */,
			);
			name = ios;
			path = Classes;
			sourceTree = "<group>";
		};
		19C28FACFE9D520D11CA2CBB /* Products */ = {
			isa = PBXGroup;
			children = (
				1D6058910D05DD3D006BFB54 /* NewCocosProject-mobile.app */,
				5087E76F17EB910900C73F5D /* NewCocosProject-desktop.app */,
			);
			name = Products;
			sourceTree = "<group>";
		};
		29B97314FDCFA39411CA2CEA /* CustomTemplate */ = {
			isa = PBXGroup;
			children = (
				D6E4BCC41CE12B7400178C01 /* Classes */,
				46880B7519C43A67006E1F66 /* Resources */,
				29B97323FDCFA39411CA2CEA /* Frameworks */,
				080E96DDFE201D6D7F000001 /* ios */,
				503AE10617EB990700D1A890 /* mac */,
				19C28FACFE9D520D11CA2CBB /* Products */,
				B80C4D17930725E9FD8729D1 /* ios-libs */,
				9FB840E18B0F8082A4A0AB3A /* mac-libs */,
			);
			name = CustomTemplate;
			sourceTree = "<group>";
		};
		29B97323FDCFA39411CA2CEA /* Frameworks */ = {
			isa = PBXGroup;
			children = (
				ED545A7D1B68A1FA00C3958E /* libiconv.dylib */,
				ED545A7B1B68A1F400C3958E /* libiconv.dylib */,
				8262943D1AAF051F00CB7CF7 /* Security.framework */,
				52B47A461A53D09B004E4C60 /* Security.framework */,
				D6B0611A1803AB670077942B /* CoreMotion.framework */,
				503AE11A17EB9C5A00D1A890 /* IOKit.framework */,
				503AE11117EB99EE00D1A890 /* libcurl.dylib */,
				5087E78A17EB975400C73F5D /* OpenGL.framework */,
				5087E78817EB974C00C73F5D /* AppKit.framework */,
				1ACB3243164770DE00914215 /* libcurl.a */,
				BF170DB412928DE900B8313A /* libz.dylib */,
				D44C620F132DFF4E0009C878 /* AudioToolbox.framework */,
				D44C620D132DFF430009C878 /* AVFoundation.framework */,
				288765A40DF7441C002DB57D /* CoreGraphics.framework */,
				1D30AB110D05D00D00671497 /* Foundation.framework */,
				D44C620B132DFF330009C878 /* OpenAL.framework */,
				BF170DB012928DE900B8313A /* OpenGLES.framework */,
				BF1C47EA1293683800B63C5D /* QuartzCore.framework */,
				1DF5F4DF0D08C38300B7A737 /* UIKit.framework */,
			);
			name = Frameworks;
			sourceTree = "<group>";
		};
		46880B7519C43A67006E1F66 /* Resources */ = {
			isa = PBXGroup;
			children = (
				D6E4BC421CE12B5800178C01 /* start.png */,
				D6E4BC431CE12B5800178C01 /* 118.jpg */,
				D6E4BC441CE12B5800178C01 /* attackbuttonNormal.png */,
				D6E4BC451CE12B5800178C01 /* attackbuttonSelected.png */,
				D6E4BC461CE12B5800178C01 /* blood.png */,
				D6E4BC471CE12B5800178C01 /* bloodBg.png */,
				D6E4BC481CE12B5800178C01 /* bloodshadow.png */,
				D6E4BC491CE12B5800178C01 /* Boy.plist */,
				D6E4BC4A1CE12B5800178C01 /* Boy.pvr.ccz */,
				D6E4BC4B1CE12B5800178C01 /* enemy.plist */,
				D6E4BC4C1CE12B5800178C01 /* enemy.pvr.ccz */,
				D6E4BC4D1CE12B5800178C01 /* map.png */,
				D6E4BC4E1CE12B5800178C01 /* mymap.tmx */,
				D6E4BC4F1CE12B5800178C01 /* SkillButton.png */,
				D6E4BC501CE12B5800178C01 /* SkillClick.png */,
				D6E4BC511CE12B5800178C01 /* SkillNormal.png */,
				D6E4BC521CE12B5800178C01 /* SkillStencil.png */,
				D6E4BC531CE12B5800178C01 /* joystick.png */,
				D6E4BC541CE12B5800178C01 /* joystickBg.png */,
				D6E4BC551CE12B5800178C01 /* 20002_attack_1.plist */,
				D6E4BC561CE12B5800178C01 /* 20002_attack_1.png */,
				D6E4BC571CE12B5800178C01 /* 20002_attack_4.plist */,
				D6E4BC581CE12B5800178C01 /* 20002_attack_4.png */,
				D6E4BC591CE12B5800178C01 /* 20002_hurt.plist */,
				D6E4BC5A1CE12B5800178C01 /* 20002_hurt.png */,
				D6E4BC5B1CE12B5800178C01 /* 20002_run.plist */,
				D6E4BC5C1CE12B5800178C01 /* 20002_run.png */,
				D6E4BC5D1CE12B5800178C01 /* 20002_stand.plist */,
				D6E4BC5E1CE12B5800178C01 /* 20002_stand.png */,
				D6E4BC5F1CE12B5800178C01 /* 20002_walk.plist */,
				D6E4BC601CE12B5800178C01 /* 20002_walk.png */,
				D6E4BC611CE12B5800178C01 /* 20001_attack_1.plist */,
				D6E4BC621CE12B5800178C01 /* 20001_attack_1.png */,
				D6E4BC631CE12B5800178C01 /* 20001_attack_2.plist */,
				D6E4BC641CE12B5800178C01 /* 20001_attack_2.png */,
				D6E4BC651CE12B5800178C01 /* 20001_attack_3.plist */,
				D6E4BC661CE12B5800178C01 /* 20001_attack_3.png */,
				D6E4BC671CE12B5800178C01 /* 20001_attack_4.plist */,
				D6E4BC681CE12B5800178C01 /* 20001_attack_4.png */,
				D6E4BC691CE12B5800178C01 /* 20001_attack_5.plist */,
				D6E4BC6A1CE12B5800178C01 /* 20001_attack_5.png */,
				D6E4BC6B1CE12B5800178C01 /* 20001_attack_effect.plist */,
				D6E4BC6C1CE12B5800178C01 /* 20001_attack_effect.png */,
				D6E4BC6D1CE12B5800178C01 /* 20001_attack.plist */,
				D6E4BC6E1CE12B5800178C01 /* 20001_attack.png */,
				D6E4BC6F1CE12B5800178C01 /* 20001_hurt.plist */,
				D6E4BC701CE12B5800178C01 /* 20001_hurt.png */,
				D6E4BC711CE12B5800178C01 /* 20001_run.plist */,
				D6E4BC721CE12B5800178C01 /* 20001_run.png */,
				D6E4BC731CE12B5800178C01 /* 20001_skill_effect.plist */,
				D6E4BC741CE12B5800178C01 /* 20001_skill_effect.png */,
				D6E4BC751CE12B5800178C01 /* 20001_skill.plist */,
				D6E4BC761CE12B5800178C01 /* 20001_skill.png */,
				D6E4BC771CE12B5800178C01 /* 20001_stand.plist */,
				D6E4BC781CE12B5800178C01 /* 20001_stand.png */,
				D6E4BC791CE12B5800178C01 /* 20001_walk.plist */,
				D6E4BC7A1CE12B5800178C01 /* 20001_walk.png */,
				D6E4BC7B1CE12B5800178C01 /* 10009_attack.plist */,
				D6E4BC7C1CE12B5800178C01 /* 10009_attack.png */,
				D6E4BC7D1CE12B5800178C01 /* 10009_die.plist */,
				D6E4BC7E1CE12B5800178C01 /* 10009_die.png */,
				D6E4BC7F1CE12B5800178C01 /* 10009_hurt.plist */,
				D6E4BC801CE12B5800178C01 /* 10009_hurt.png */,
				D6E4BC811CE12B5800178C01 /* 10009_walk.plist */,
				D6E4BC821CE12B5800178C01 /* 10009_walk.png */,
				01F741B993AED8B544209AD5 /* res */,
			);
			name = Resources;
			path = ../Resources;
			sourceTree = "<group>";
		};
		503AE0F517EB97AB00D1A890 /* Icons */ = {
			isa = PBXGroup;
			children = (
				503AE0F617EB97AB00D1A890 /* Icon.icns */,
				503AE0F717EB97AB00D1A890 /* Info.plist */,
			);
			name = Icons;
			path = mac;
			sourceTree = SOURCE_ROOT;
		};
		503AE10617EB990700D1A890 /* mac */ = {
			isa = PBXGroup;
			children = (
				503AE0F517EB97AB00D1A890 /* Icons */,
				503AE10317EB98FF00D1A890 /* main.cpp */,
				503AE10417EB98FF00D1A890 /* Prefix.pch */,
			);
			name = mac;
			sourceTree = "<group>";
		};
		5087E77117EB970100C73F5D /* Icons */ = {
			isa = PBXGroup;
			children = (
				521A8E6219F0C34300D177D7 /* Default-667h@2x.png */,
				521A8E6319F0C34300D177D7 /* Default-736h@3x.png */,
				5087E77217EB970100C73F5D /* Default-568h@2x.png */,
				5087E77317EB970100C73F5D /* Default.png */,
				5087E77417EB970100C73F5D /* Default@2x.png */,
				50EF62A017ECD613001EB2F8 /* Icon-29.png */,
				50EF62A117ECD613001EB2F8 /* Icon-50.png */,
				50EF629217ECD46A001EB2F8 /* Icon-40.png */,
				50EF629317ECD46A001EB2F8 /* Icon-58.png */,
				50EF629417ECD46A001EB2F8 /* Icon-80.png */,
				50EF629517ECD46A001EB2F8 /* Icon-100.png */,
				5087E77517EB970100C73F5D /* Icon-114.png */,
				5087E77617EB970100C73F5D /* Icon-120.png */,
				5087E77717EB970100C73F5D /* Icon-144.png */,
				5087E77817EB970100C73F5D /* Icon-152.png */,
				5087E77917EB970100C73F5D /* Icon-57.png */,
				5087E77A17EB970100C73F5D /* Icon-72.png */,
				5087E77B17EB970100C73F5D /* Icon-76.png */,
				5087E77C17EB970100C73F5D /* Info.plist */,
			);
			name = Icons;
			path = ios;
			sourceTree = SOURCE_ROOT;
		};
		9FB840E18B0F8082A4A0AB3A /* mac-libs */ = {
			isa = PBXGroup;
			children = (
				51554DA9A2FA70F46AF9E679 /* libcocos2d Mac.a */,
			);
			name = "mac-libs";
			sourceTree = "<group>";
		};
		B80C4D17930725E9FD8729D1 /* ios-libs */ = {
			isa = PBXGroup;
			children = (
				5D65417CAF89D7ADE4119FEC /* libcocos2d iOS.a */,
			);
			name = "ios-libs";
			sourceTree = "<group>";
		};
		D6E4BCC41CE12B7400178C01 /* Classes */ = {
			isa = PBXGroup;
			children = (
				D6E4BCC51CE12B8800178C01 /* AppDelegate.cpp */,
				D6E4BCC61CE12B8800178C01 /* AppDelegate.h */,
				D6E4BCC71CE12B8800178C01 /* GameScene.cpp */,
				D6E4BCC81CE12B8800178C01 /* GameScene.h */,
				D6E4BCC91CE12B8800178C01 /* GaemStartScene.cpp */,
				D6E4BCCA1CE12B8800178C01 /* GaemStartScene.hpp */,
				D6E4BCCB1CE12B8800178C01 /* GameStart.cpp */,
				D6E4BCCC1CE12B8800178C01 /* GameStart.hpp */,
				D6E4BCCD1CE12B8800178C01 /* GameLayer.cpp */,
				D6E4BCCE1CE12B8800178C01 /* GameLayer.hpp */,
				D6E4BCCF1CE12B8800178C01 /* MapLayer.cpp */,
				D6E4BCD01CE12B8800178C01 /* MapLayer.hpp */,
				D6E4BCD71CE12BA200178C01 /* Singleton.h */,
				D6E4BCD81CE12BA200178C01 /* Global.cpp */,
				D6E4BCD91CE12BA200178C01 /* Global.hpp */,
				D6E4BCDA1CE12BA200178C01 /* Role.cpp */,
				D6E4BCDB1CE12BA200178C01 /* Role.hpp */,
				D6E4BCDC1CE12BA200178C01 /* Hero.cpp */,
				D6E4BCDD1CE12BA200178C01 /* Hero.hpp */,
				D6E4BCDE1CE12BA200178C01 /* Enemy.cpp */,
				D6E4BCDF1CE12BA200178C01 /* Enemy.hpp */,
				D6E4BCE01CE12BA200178C01 /* StateLayer.cpp */,
				D6E4BCE11CE12BA200178C01 /* StateLayer.hpp */,
				D6E4BCE21CE12BA200178C01 /* HpShow.cpp */,
				D6E4BCE31CE12BA200178C01 /* HpShow.hpp */,
				D6E4BCE41CE12BA200178C01 /* OperateLayer.cpp */,
				D6E4BCE51CE12BA200178C01 /* OperateLayer.hpp */,
				D6E4BCE61CE12BA200178C01 /* Joystick.cpp */,
				D6E4BCE71CE12BA200178C01 /* Joystick.hpp */,
			);
			name = Classes;
			sourceTree = "<group>";
		};
/* End PBXGroup section */

/* Begin PBXNativeTarget section */
		1D6058900D05DD3D006BFB54 /* NewCocosProject-mobile */ = {
			isa = PBXNativeTarget;
			buildConfigurationList = 1D6058960D05DD3E006BFB54 /* Build configuration list for PBXNativeTarget "NewCocosProject-mobile" */;
			buildPhases = (
				1D60588D0D05DD3D006BFB54 /* Resources */,
				1D60588E0D05DD3D006BFB54 /* Sources */,
				1D60588F0D05DD3D006BFB54 /* Frameworks */,
			);
			buildRules = (
			);
			dependencies = (
			);
			name = "NewCocosProject-mobile";
			productName = iphone;
			productReference = 1D6058910D05DD3D006BFB54 /* NewCocosProject-mobile.app */;
			productType = "com.apple.product-type.application";
		};
		5087E73D17EB910900C73F5D /* NewCocosProject-desktop */ = {
			isa = PBXNativeTarget;
			buildConfigurationList = 5087E76C17EB910900C73F5D /* Build configuration list for PBXNativeTarget "NewCocosProject-desktop" */;
			buildPhases = (
				5087E74817EB910900C73F5D /* Resources */,
				5087E75617EB910900C73F5D /* Sources */,
				5087E75C17EB910900C73F5D /* Frameworks */,
			);
			buildRules = (
			);
			dependencies = (
			);
			name = "NewCocosProject-desktop";
			productName = iphone;
			productReference = 5087E76F17EB910900C73F5D /* NewCocosProject-desktop.app */;
			productType = "com.apple.product-type.application";
		};
/* End PBXNativeTarget section */

/* Begin PBXProject section */
		29B97313FDCFA39411CA2CEA /* Project object */ = {
			isa = PBXProject;
			attributes = {
				LastUpgradeCheck = 0720;
			};
			buildConfigurationList = C01FCF4E08A954540054247B /* Build configuration list for PBXProject "NewCocosProject" */;
			compatibilityVersion = "Xcode 3.2";
			developmentRegion = English;
			hasScannedForEncodings = 1;
			knownRegions = (
				English,
				Japanese,
				French,
				German,
			);
			mainGroup = 29B97314FDCFA39411CA2CEA /* CustomTemplate */;
			projectDirPath = "";
			projectRoot = "";
			targets = (
				1D6058900D05DD3D006BFB54 /* NewCocosProject-mobile */,
				5087E73D17EB910900C73F5D /* NewCocosProject-desktop */,
			);
		};
/* End PBXProject section */

/* Begin PBXResourcesBuildPhase section */
		1D60588D0D05DD3D006BFB54 /* Resources */ = {
			isa = PBXResourcesBuildPhase;
			buildActionMask = 2147483647;
			files = (
				D6E4BC941CE12B5800178C01 /* joystick.png in Resources */,
				D6E4BC911CE12B5800178C01 /* SkillClick.png in Resources */,
				D6E4BCBD1CE12B5800178C01 /* 10009_attack.png in Resources */,
				D6E4BCBB1CE12B5800178C01 /* 20001_walk.png in Resources */,
				D6E4BC8A1CE12B5800178C01 /* Boy.plist in Resources */,
				D6E4BCB31CE12B5800178C01 /* 20001_run.png in Resources */,
				D6E4BC9B1CE12B5800178C01 /* 20002_hurt.png in Resources */,
				D6E4BC851CE12B5800178C01 /* attackbuttonNormal.png in Resources */,
				5087E78117EB970100C73F5D /* Icon-120.png in Resources */,
				5087E78617EB970100C73F5D /* Icon-76.png in Resources */,
				D6E4BCB21CE12B5800178C01 /* 20001_run.plist in Resources */,
				D6E4BC881CE12B5800178C01 /* bloodBg.png in Resources */,
				D6E4BCA91CE12B5800178C01 /* 20001_attack_4.png in Resources */,
				D6E4BCAE1CE12B5800178C01 /* 20001_attack.plist in Resources */,
				D6E4BC831CE12B5800178C01 /* start.png in Resources */,
				5087E77F17EB970100C73F5D /* Default@2x.png in Resources */,
				D6E4BCA51CE12B5800178C01 /* 20001_attack_2.png in Resources */,
				D6E4BCC11CE12B5800178C01 /* 10009_hurt.png in Resources */,
				D6E4BCAF1CE12B5800178C01 /* 20001_attack.png in Resources */,
				D6E4BCAD1CE12B5800178C01 /* 20001_attack_effect.png in Resources */,
				D6E4BCAA1CE12B5800178C01 /* 20001_attack_5.plist in Resources */,
				D6E4BCA81CE12B5800178C01 /* 20001_attack_4.plist in Resources */,
				D6E4BCB71CE12B5800178C01 /* 20001_skill.png in Resources */,
				50EF629917ECD46A001EB2F8 /* Icon-100.png in Resources */,
				5087E78317EB970100C73F5D /* Icon-152.png in Resources */,
				5087E77D17EB970100C73F5D /* Default-568h@2x.png in Resources */,
				D6E4BCA01CE12B5800178C01 /* 20002_walk.plist in Resources */,
				D6E4BC9A1CE12B5800178C01 /* 20002_hurt.plist in Resources */,
				D6E4BCAB1CE12B5800178C01 /* 20001_attack_5.png in Resources */,
				D6E4BC8E1CE12B5800178C01 /* map.png in Resources */,
				D6E4BC9F1CE12B5800178C01 /* 20002_stand.png in Resources */,
				D6E4BC9E1CE12B5800178C01 /* 20002_stand.plist in Resources */,
				5087E78517EB970100C73F5D /* Icon-72.png in Resources */,
				D6E4BC8D1CE12B5800178C01 /* enemy.pvr.ccz in Resources */,
				521A8E6519F0C34300D177D7 /* Default-736h@3x.png in Resources */,
				D6E4BCA21CE12B5800178C01 /* 20001_attack_1.plist in Resources */,
				D6E4BC971CE12B5800178C01 /* 20002_attack_1.png in Resources */,
				D6E4BC951CE12B5800178C01 /* joystickBg.png in Resources */,
				D6E4BC8C1CE12B5800178C01 /* enemy.plist in Resources */,
				50EF62A317ECD613001EB2F8 /* Icon-50.png in Resources */,
				D6E4BCAC1CE12B5800178C01 /* 20001_attack_effect.plist in Resources */,
				D6E4BCA11CE12B5800178C01 /* 20002_walk.png in Resources */,
				D6E4BCA41CE12B5800178C01 /* 20001_attack_2.plist in Resources */,
				D6E4BC9D1CE12B5800178C01 /* 20002_run.png in Resources */,
				D6E4BCBF1CE12B5800178C01 /* 10009_die.png in Resources */,
				D6E4BCC31CE12B5800178C01 /* 10009_walk.png in Resources */,
				D6E4BC901CE12B5800178C01 /* SkillButton.png in Resources */,
				D6E4BC8B1CE12B5800178C01 /* Boy.pvr.ccz in Resources */,
				D6E4BC921CE12B5800178C01 /* SkillNormal.png in Resources */,
				D6E4BCB91CE12B5800178C01 /* 20001_stand.png in Resources */,
				D6E4BC991CE12B5800178C01 /* 20002_attack_4.png in Resources */,
				D6E4BCBE1CE12B5800178C01 /* 10009_die.plist in Resources */,
				D6E4BC891CE12B5800178C01 /* bloodshadow.png in Resources */,
				D6E4BCBA1CE12B5800178C01 /* 20001_walk.plist in Resources */,
				D6E4BCB81CE12B5800178C01 /* 20001_stand.plist in Resources */,
				5087E78017EB970100C73F5D /* Icon-114.png in Resources */,
				50EF62A217ECD613001EB2F8 /* Icon-29.png in Resources */,
				D6E4BC9C1CE12B5800178C01 /* 20002_run.plist in Resources */,
				D6E4BC8F1CE12B5800178C01 /* mymap.tmx in Resources */,
				D6E4BCB41CE12B5800178C01 /* 20001_skill_effect.plist in Resources */,
				D6E4BCBC1CE12B5800178C01 /* 10009_attack.plist in Resources */,
				D6E4BCC01CE12B5800178C01 /* 10009_hurt.plist in Resources */,
				50EF629617ECD46A001EB2F8 /* Icon-40.png in Resources */,
				5087E78217EB970100C73F5D /* Icon-144.png in Resources */,
				50EF629817ECD46A001EB2F8 /* Icon-80.png in Resources */,
				D6E4BC961CE12B5800178C01 /* 20002_attack_1.plist in Resources */,
				D6E4BC841CE12B5800178C01 /* 118.jpg in Resources */,
				5087E78417EB970100C73F5D /* Icon-57.png in Resources */,
				D6E4BCC21CE12B5800178C01 /* 10009_walk.plist in Resources */,
				D6E4BCB51CE12B5800178C01 /* 20001_skill_effect.png in Resources */,
				D6E4BC981CE12B5800178C01 /* 20002_attack_4.plist in Resources */,
				5087E77E17EB970100C73F5D /* Default.png in Resources */,
				D6E4BCA61CE12B5800178C01 /* 20001_attack_3.plist in Resources */,
				521A8E6419F0C34300D177D7 /* Default-667h@2x.png in Resources */,
				D6E4BCB61CE12B5800178C01 /* 20001_skill.plist in Resources */,
				D6E4BCA71CE12B5800178C01 /* 20001_attack_3.png in Resources */,
				D6E4BCB11CE12B5800178C01 /* 20001_hurt.png in Resources */,
				D6E4BC871CE12B5800178C01 /* blood.png in Resources */,
				D6E4BC931CE12B5800178C01 /* SkillStencil.png in Resources */,
				50EF629717ECD46A001EB2F8 /* Icon-58.png in Resources */,
				D6E4BC861CE12B5800178C01 /* attackbuttonSelected.png in Resources */,
				D6E4BCB01CE12B5800178C01 /* 20001_hurt.plist in Resources */,
				1BA14E61BFBE7D2B1AD88962 /* res in Resources */,
				D6E4BCA31CE12B5800178C01 /* 20001_attack_1.png in Resources */,
			);
			runOnlyForDeploymentPostprocessing = 0;
		};
		5087E74817EB910900C73F5D /* Resources */ = {
			isa = PBXResourcesBuildPhase;
			buildActionMask = 2147483647;
			files = (
				503AE0F817EB97AB00D1A890 /* Icon.icns in Resources */,
				6CC743B7AEC6C4A1F5FEC304 /* res in Resources */,
			);
			runOnlyForDeploymentPostprocessing = 0;
		};
/* End PBXResourcesBuildPhase section */

/* Begin PBXSourcesBuildPhase section */
		1D60588E0D05DD3D006BFB54 /* Sources */ = {
			isa = PBXSourcesBuildPhase;
			buildActionMask = 2147483647;
			files = (
				D6E4BCD41CE12B8800178C01 /* GameStart.cpp in Sources */,
				D6E4BCD61CE12B8800178C01 /* MapLayer.cpp in Sources */,
				D6E4BCD21CE12B8800178C01 /* GameScene.cpp in Sources */,
				D6E4BCEA1CE12BA200178C01 /* Hero.cpp in Sources */,
				D6E4BCD11CE12B8800178C01 /* AppDelegate.cpp in Sources */,
				D6E4BCEC1CE12BA200178C01 /* StateLayer.cpp in Sources */,
				503AE10017EB989F00D1A890 /* AppController.mm in Sources */,
				D6E4BCD31CE12B8800178C01 /* GaemStartScene.cpp in Sources */,
				D6E4BCEB1CE12BA200178C01 /* Enemy.cpp in Sources */,
				D6E4BCE81CE12BA200178C01 /* Global.cpp in Sources */,
				D6E4BCE91CE12BA200178C01 /* Role.cpp in Sources */,
				D6E4BCD51CE12B8800178C01 /* GameLayer.cpp in Sources */,
				D6E4BCED1CE12BA200178C01 /* HpShow.cpp in Sources */,
				D6E4BCEF1CE12BA200178C01 /* Joystick.cpp in Sources */,
				503AE10217EB989F00D1A890 /* RootViewController.mm in Sources */,
				D6E4BCEE1CE12BA200178C01 /* OperateLayer.cpp in Sources */,
				503AE10117EB989F00D1A890 /* main.m in Sources */,
			);
			runOnlyForDeploymentPostprocessing = 0;
		};
		5087E75617EB910900C73F5D /* Sources */ = {
			isa = PBXSourcesBuildPhase;
			buildActionMask = 2147483647;
			files = (
				503AE10517EB98FF00D1A890 /* main.cpp in Sources */,
			);
			runOnlyForDeploymentPostprocessing = 0;
		};
/* End PBXSourcesBuildPhase section */

/* Begin XCBuildConfiguration section */
		1D6058940D05DD3E006BFB54 /* Debug */ = {
			isa = XCBuildConfiguration;
			buildSettings = {
				ALWAYS_SEARCH_USER_PATHS = YES;
				CODE_SIGN_IDENTITY = "iPhone Developer";
				COMPRESS_PNG_FILES = NO;
				ENABLE_BITCODE = NO;
				GCC_DYNAMIC_NO_PIC = NO;
				GCC_INLINES_ARE_PRIVATE_EXTERN = NO;
				GCC_PRECOMPILE_PREFIX_HEADER = YES;
				GCC_PREFIX_HEADER = ios/Prefix.pch;
				GCC_PREPROCESSOR_DEFINITIONS = (
					USE_FILE32API,
					CC_TARGET_OS_IPHONE,
					"COCOS2D_DEBUG=1",
					"CC_ENABLE_CHIPMUNK_INTEGRATION=1",
				);
				GCC_SYMBOLS_PRIVATE_EXTERN = NO;
				HEADER_SEARCH_PATHS = (
					"$(inherited)",
					"/Applications/Cocos/Cocos2d-x/cocos2d-x-3.10/cocos/platform/ios",
					"/Applications/Cocos/Cocos2d-x/cocos2d-x-3.10/cocos/platform/ios/Simulation",
				);
				INFOPLIST_FILE = ios/Info.plist;
				IPHONEOS_DEPLOYMENT_TARGET = 7.0;
				LIBRARY_SEARCH_PATHS = " /Applications/Cocos/Cocos2d-x/cocos2d-x-3.10/prebuilt/ios";
				OTHER_LDFLAGS = (
					"$(_COCOS_LIB_IOS_BEGIN)",
					"$(_COCOS_LIB_IOS_END)",
				);
				PRODUCT_BUNDLE_IDENTIFIER = org.cocos2dx.NewCocosProject;
				SDKROOT = iphoneos;
				TARGETED_DEVICE_FAMILY = "1,2";
				USER_HEADER_SEARCH_PATHS = "$(_COCOS_HEADER_IOS_BEGIN) $(_COCOS_HEADER_IOS_END)";
				VALID_ARCHS = "arm64 armv7";
			};
			name = Debug;
		};
		1D6058950D05DD3E006BFB54 /* Release */ = {
			isa = XCBuildConfiguration;
			buildSettings = {
				ALWAYS_SEARCH_USER_PATHS = YES;
				CODE_SIGN_IDENTITY = "iPhone Developer";
				COMPRESS_PNG_FILES = NO;
				ENABLE_BITCODE = NO;
				GCC_INLINES_ARE_PRIVATE_EXTERN = NO;
				GCC_PRECOMPILE_PREFIX_HEADER = YES;
				GCC_PREFIX_HEADER = ios/Prefix.pch;
				GCC_PREPROCESSOR_DEFINITIONS = (
					USE_FILE32API,
					CC_TARGET_OS_IPHONE,
					"CC_ENABLE_CHIPMUNK_INTEGRATION=1",
				);
				GCC_SYMBOLS_PRIVATE_EXTERN = NO;
				HEADER_SEARCH_PATHS = (
					"$(inherited)",
					"/Applications/Cocos/Cocos2d-x/cocos2d-x-3.10/cocos/platform/ios",
					"/Applications/Cocos/Cocos2d-x/cocos2d-x-3.10/cocos/platform/ios/Simulation",
				);
				INFOPLIST_FILE = ios/Info.plist;
				IPHONEOS_DEPLOYMENT_TARGET = 7.0;
				LIBRARY_SEARCH_PATHS = " /Applications/Cocos/Cocos2d-x/cocos2d-x-3.10/prebuilt/ios";
				OTHER_LDFLAGS = (
					"$(_COCOS_LIB_IOS_BEGIN)",
					"$(_COCOS_LIB_IOS_END)",
				);
				PRODUCT_BUNDLE_IDENTIFIER = org.cocos2dx.NewCocosProject;
				SDKROOT = iphoneos;
				TARGETED_DEVICE_FAMILY = "1,2";
				USER_HEADER_SEARCH_PATHS = "$(_COCOS_HEADER_IOS_BEGIN) $(_COCOS_HEADER_IOS_END)";
				VALID_ARCHS = "arm64 armv7";
			};
			name = Release;
		};
		5087E76D17EB910900C73F5D /* Debug */ = {
			isa = XCBuildConfiguration;
			buildSettings = {
				ALWAYS_SEARCH_USER_PATHS = YES;
				CLANG_CXX_LANGUAGE_STANDARD = "c++0x";
				CLANG_CXX_LIBRARY = "libc++";
				COMBINE_HIDPI_IMAGES = YES;
				GCC_DYNAMIC_NO_PIC = NO;
				GCC_INLINES_ARE_PRIVATE_EXTERN = NO;
				GCC_PRECOMPILE_PREFIX_HEADER = YES;
				GCC_PREFIX_HEADER = mac/Prefix.pch;
				GCC_PREPROCESSOR_DEFINITIONS = (
					USE_FILE32API,
					CC_TARGET_OS_MAC,
					"COCOS2D_DEBUG=1",
					"CC_ENABLE_CHIPMUNK_INTEGRATION=1",
				);
				GCC_SYMBOLS_PRIVATE_EXTERN = NO;
				HEADER_SEARCH_PATHS = (
					"$(inherited)",
					"/Applications/Cocos/Cocos2d-x/cocos2d-x-3.10/cocos/platform/mac",
					"/Applications/Cocos/Cocos2d-x/cocos2d-x-3.10/external/glfw3/include/mac",
				);
				INFOPLIST_FILE = mac/Info.plist;
				LIBRARY_SEARCH_PATHS = " /Applications/Cocos/Cocos2d-x/cocos2d-x-3.10/prebuilt/mac";
				OTHER_LDFLAGS = (
					"$(_COCOS_LIB_MAC_BEGIN)",
					"$(_COCOS_LIB_MAC_END)",
				);
				PRODUCT_BUNDLE_IDENTIFIER = org.cocos2dx.NewCocosProject;
				USER_HEADER_SEARCH_PATHS = "$(_COCOS_HEADER_MAC_BEGIN) $(_COCOS_HEADER_MAC_END)";
			};
			name = Debug;
		};
		5087E76E17EB910900C73F5D /* Release */ = {
			isa = XCBuildConfiguration;
			buildSettings = {
				ALWAYS_SEARCH_USER_PATHS = YES;
				CLANG_CXX_LANGUAGE_STANDARD = "c++0x";
				CLANG_CXX_LIBRARY = "libc++";
				COMBINE_HIDPI_IMAGES = YES;
				GCC_INLINES_ARE_PRIVATE_EXTERN = NO;
				GCC_PRECOMPILE_PREFIX_HEADER = YES;
				GCC_PREFIX_HEADER = mac/Prefix.pch;
				GCC_PREPROCESSOR_DEFINITIONS = (
					USE_FILE32API,
					CC_TARGET_OS_MAC,
					"CC_ENABLE_CHIPMUNK_INTEGRATION=1",
				);
				GCC_SYMBOLS_PRIVATE_EXTERN = NO;
				HEADER_SEARCH_PATHS = (
					"$(inherited)",
					"/Applications/Cocos/Cocos2d-x/cocos2d-x-3.10/cocos/platform/mac",
					"/Applications/Cocos/Cocos2d-x/cocos2d-x-3.10/external/glfw3/include/mac",
				);
				INFOPLIST_FILE = mac/Info.plist;
				LIBRARY_SEARCH_PATHS = " /Applications/Cocos/Cocos2d-x/cocos2d-x-3.10/prebuilt/mac";
				OTHER_LDFLAGS = (
					"$(_COCOS_LIB_MAC_BEGIN)",
					"$(_COCOS_LIB_MAC_END)",
				);
				PRODUCT_BUNDLE_IDENTIFIER = org.cocos2dx.NewCocosProject;
				USER_HEADER_SEARCH_PATHS = "$(_COCOS_HEADER_MAC_BEGIN) $(_COCOS_HEADER_MAC_END)";
			};
			name = Release;
		};
		C01FCF4F08A954540054247B /* Debug */ = {
			isa = XCBuildConfiguration;
			buildSettings = {
				CLANG_CXX_LANGUAGE_STANDARD = "c++0x";
				CLANG_CXX_LIBRARY = "libc++";
				COPY_PHASE_STRIP = NO;
				ENABLE_TESTABILITY = YES;
				GCC_OPTIMIZATION_LEVEL = 0;
				GCC_WARN_ABOUT_RETURN_TYPE = YES;
				GCC_WARN_UNUSED_VARIABLE = YES;
				HEADER_SEARCH_PATHS = (
					"/Applications/Cocos/Cocos2d-x/cocos2d-x-3.10",
					"/Applications/Cocos/Cocos2d-x/cocos2d-x-3.10/cocos",
					"/Applications/Cocos/Cocos2d-x/cocos2d-x-3.10/cocos/base",
					"/Applications/Cocos/Cocos2d-x/cocos2d-x-3.10/cocos/physics",
					"/Applications/Cocos/Cocos2d-x/cocos2d-x-3.10/cocos/math",
					"/Applications/Cocos/Cocos2d-x/cocos2d-x-3.10/cocos/2d",
					"/Applications/Cocos/Cocos2d-x/cocos2d-x-3.10/cocos/ui",
					"/Applications/Cocos/Cocos2d-x/cocos2d-x-3.10/cocos/network",
					"/Applications/Cocos/Cocos2d-x/cocos2d-x-3.10/cocos/audio/include",
					"/Applications/Cocos/Cocos2d-x/cocos2d-x-3.10/cocos/editor-support",
					"/Applications/Cocos/Cocos2d-x/cocos2d-x-3.10/extensions",
					"/Applications/Cocos/Cocos2d-x/cocos2d-x-3.10/external",
					"/Applications/Cocos/Cocos2d-x/cocos2d-x-3.10/external/chipmunk/include/chipmunk",
				);
				IPHONEOS_DEPLOYMENT_TARGET = 7.1;
				MACOSX_DEPLOYMENT_TARGET = 10.7;
				ONLY_ACTIVE_ARCH = YES;
				PRODUCT_NAME = "$(TARGET_NAME)";
				SDKROOT = macosx;
			};
			name = Debug;
		};
		C01FCF5008A954540054247B /* Release */ = {
			isa = XCBuildConfiguration;
			buildSettings = {
				CLANG_CXX_LANGUAGE_STANDARD = "c++0x";
				CLANG_CXX_LIBRARY = "libc++";
				GCC_WARN_ABOUT_RETURN_TYPE = YES;
				GCC_WARN_UNUSED_VARIABLE = YES;
				HEADER_SEARCH_PATHS = (
					"/Applications/Cocos/Cocos2d-x/cocos2d-x-3.10",
					"/Applications/Cocos/Cocos2d-x/cocos2d-x-3.10/cocos",
					"/Applications/Cocos/Cocos2d-x/cocos2d-x-3.10/cocos/base",
					"/Applications/Cocos/Cocos2d-x/cocos2d-x-3.10/cocos/physics",
					"/Applications/Cocos/Cocos2d-x/cocos2d-x-3.10/cocos/math",
					"/Applications/Cocos/Cocos2d-x/cocos2d-x-3.10/cocos/2d",
					"/Applications/Cocos/Cocos2d-x/cocos2d-x-3.10/cocos/ui",
					"/Applications/Cocos/Cocos2d-x/cocos2d-x-3.10/cocos/network",
					"/Applications/Cocos/Cocos2d-x/cocos2d-x-3.10/cocos/audio/include",
					"/Applications/Cocos/Cocos2d-x/cocos2d-x-3.10/cocos/editor-support",
					"/Applications/Cocos/Cocos2d-x/cocos2d-x-3.10/extensions",
					"/Applications/Cocos/Cocos2d-x/cocos2d-x-3.10/external",
					"/Applications/Cocos/Cocos2d-x/cocos2d-x-3.10/external/chipmunk/include/chipmunk",
				);
				IPHONEOS_DEPLOYMENT_TARGET = 7.1;
				MACOSX_DEPLOYMENT_TARGET = 10.7;
				OTHER_CFLAGS = "-DNS_BLOCK_ASSERTIONS=1";
				PRODUCT_NAME = "$(TARGET_NAME)";
				SDKROOT = macosx;
				VALIDATE_PRODUCT = YES;
			};
			name = Release;
		};
/* End XCBuildConfiguration section */

/* Begin XCConfigurationList section */
		1D6058960D05DD3E006BFB54 /* Build configuration list for PBXNativeTarget "NewCocosProject-mobile" */ = {
			isa = XCConfigurationList;
			buildConfigurations = (
				1D6058940D05DD3E006BFB54 /* Debug */,
				1D6058950D05DD3E006BFB54 /* Release */,
			);
			defaultConfigurationIsVisible = 0;
			defaultConfigurationName = Debug;
		};
		5087E76C17EB910900C73F5D /* Build configuration list for PBXNativeTarget "NewCocosProject-desktop" */ = {
			isa = XCConfigurationList;
			buildConfigurations = (
				5087E76D17EB910900C73F5D /* Debug */,
				5087E76E17EB910900C73F5D /* Release */,
			);
			defaultConfigurationIsVisible = 0;
			defaultConfigurationName = Debug;
		};
		C01FCF4E08A954540054247B /* Build configuration list for PBXProject "NewCocosProject" */ = {
			isa = XCConfigurationList;
			buildConfigurations = (
				C01FCF4F08A954540054247B /* Debug */,
				C01FCF5008A954540054247B /* Release */,
			);
			defaultConfigurationIsVisible = 0;
			defaultConfigurationName = Debug;
		};
/* End XCConfigurationList section */
	};
	rootObject = 29B97313FDCFA39411CA2CEA /* Project object */;
}
